// !$*UTF8*$!
{
	archiveVersion = 1;
	classes = {
	};
	objectVersion = 56;
	objects = {

/* Begin PBXBuildFile section */
		98C4C5A82A78EA3900F2E895 /* FeedLoaderWithFallbackCompositeTests.swift in Sources */ = {isa = PBXBuildFile; fileRef = 98C4C5A72A78EA3900F2E895 /* FeedLoaderWithFallbackCompositeTests.swift */; };
		98C4C5AA2A78F44E00F2E895 /* FeedLoaderWithFallbackComposite.swift in Sources */ = {isa = PBXBuildFile; fileRef = 98C4C5A92A78F44E00F2E895 /* FeedLoaderWithFallbackComposite.swift */; };
		98C4C5AC2A79763000F2E895 /* FeedImageLoaderWithFallbackCompositeTests.swift in Sources */ = {isa = PBXBuildFile; fileRef = 98C4C5AB2A79763000F2E895 /* FeedImageLoaderWithFallbackCompositeTests.swift */; };
		98CB14292A75A03F0038E4AD /* AppDelegate.swift in Sources */ = {isa = PBXBuildFile; fileRef = 98CB14282A75A03F0038E4AD /* AppDelegate.swift */; };
		98CB142B2A75A03F0038E4AD /* SceneDelegate.swift in Sources */ = {isa = PBXBuildFile; fileRef = 98CB142A2A75A03F0038E4AD /* SceneDelegate.swift */; };
		98CB142D2A75A03F0038E4AD /* ViewController.swift in Sources */ = {isa = PBXBuildFile; fileRef = 98CB142C2A75A03F0038E4AD /* ViewController.swift */; };
		98CB14302A75A03F0038E4AD /* Main.storyboard in Resources */ = {isa = PBXBuildFile; fileRef = 98CB142E2A75A03F0038E4AD /* Main.storyboard */; };
		98CB14322A75A0400038E4AD /* Assets.xcassets in Resources */ = {isa = PBXBuildFile; fileRef = 98CB14312A75A0400038E4AD /* Assets.xcassets */; };
		98CB14352A75A0400038E4AD /* LaunchScreen.storyboard in Resources */ = {isa = PBXBuildFile; fileRef = 98CB14332A75A0400038E4AD /* LaunchScreen.storyboard */; };
		98CB14422A75A68F0038E4AD /* SuperFeed.framework in Frameworks */ = {isa = PBXBuildFile; fileRef = 98CB14402A75A68F0038E4AD /* SuperFeed.framework */; };
		98CB14432A75A68F0038E4AD /* SuperFeed.framework in Embed Frameworks */ = {isa = PBXBuildFile; fileRef = 98CB14402A75A68F0038E4AD /* SuperFeed.framework */; settings = {ATTRIBUTES = (CodeSignOnCopy, RemoveHeadersOnCopy, ); }; };
		98CB14442A75A68F0038E4AD /* SuperFeediOS.framework in Frameworks */ = {isa = PBXBuildFile; fileRef = 98CB14412A75A68F0038E4AD /* SuperFeediOS.framework */; };
		98CB14452A75A68F0038E4AD /* SuperFeediOS.framework in Embed Frameworks */ = {isa = PBXBuildFile; fileRef = 98CB14412A75A68F0038E4AD /* SuperFeediOS.framework */; settings = {ATTRIBUTES = (CodeSignOnCopy, RemoveHeadersOnCopy, ); }; };
/* End PBXBuildFile section */

/* Begin PBXContainerItemProxy section */
		98C4C5A22A78EA1500F2E895 /* PBXContainerItemProxy */ = {
			isa = PBXContainerItemProxy;
			containerPortal = 98CB141D2A75A03F0038E4AD /* Project object */;
			proxyType = 1;
			remoteGlobalIDString = 98CB14242A75A03F0038E4AD;
			remoteInfo = SuperApp;
		};
/* End PBXContainerItemProxy section */

/* Begin PBXCopyFilesBuildPhase section */
		98CB14462A75A68F0038E4AD /* Embed Frameworks */ = {
			isa = PBXCopyFilesBuildPhase;
			buildActionMask = 2147483647;
			dstPath = "";
			dstSubfolderSpec = 10;
			files = (
				98CB14452A75A68F0038E4AD /* SuperFeediOS.framework in Embed Frameworks */,
				98CB14432A75A68F0038E4AD /* SuperFeed.framework in Embed Frameworks */,
			);
			name = "Embed Frameworks";
			runOnlyForDeploymentPostprocessing = 0;
		};
/* End PBXCopyFilesBuildPhase section */

/* Begin PBXFileReference section */
		98C4C59E2A78EA1500F2E895 /* SuperAppTests.xctest */ = {isa = PBXFileReference; explicitFileType = wrapper.cfbundle; includeInIndex = 0; path = SuperAppTests.xctest; sourceTree = BUILT_PRODUCTS_DIR; };
		98C4C5A72A78EA3900F2E895 /* FeedLoaderWithFallbackCompositeTests.swift */ = {isa = PBXFileReference; lastKnownFileType = sourcecode.swift; path = FeedLoaderWithFallbackCompositeTests.swift; sourceTree = "<group>"; };
		98C4C5A92A78F44E00F2E895 /* FeedLoaderWithFallbackComposite.swift */ = {isa = PBXFileReference; lastKnownFileType = sourcecode.swift; path = FeedLoaderWithFallbackComposite.swift; sourceTree = "<group>"; };
		98C4C5AB2A79763000F2E895 /* FeedImageLoaderWithFallbackCompositeTests.swift */ = {isa = PBXFileReference; lastKnownFileType = sourcecode.swift; path = FeedImageLoaderWithFallbackCompositeTests.swift; sourceTree = "<group>"; };
		98CB14252A75A03F0038E4AD /* SuperApp.app */ = {isa = PBXFileReference; explicitFileType = wrapper.application; includeInIndex = 0; path = SuperApp.app; sourceTree = BUILT_PRODUCTS_DIR; };
		98CB14282A75A03F0038E4AD /* AppDelegate.swift */ = {isa = PBXFileReference; lastKnownFileType = sourcecode.swift; path = AppDelegate.swift; sourceTree = "<group>"; };
		98CB142A2A75A03F0038E4AD /* SceneDelegate.swift */ = {isa = PBXFileReference; lastKnownFileType = sourcecode.swift; path = SceneDelegate.swift; sourceTree = "<group>"; };
		98CB142C2A75A03F0038E4AD /* ViewController.swift */ = {isa = PBXFileReference; lastKnownFileType = sourcecode.swift; path = ViewController.swift; sourceTree = "<group>"; };
		98CB142F2A75A03F0038E4AD /* Base */ = {isa = PBXFileReference; lastKnownFileType = file.storyboard; name = Base; path = Base.lproj/Main.storyboard; sourceTree = "<group>"; };
		98CB14312A75A0400038E4AD /* Assets.xcassets */ = {isa = PBXFileReference; lastKnownFileType = folder.assetcatalog; path = Assets.xcassets; sourceTree = "<group>"; };
		98CB14342A75A0400038E4AD /* Base */ = {isa = PBXFileReference; lastKnownFileType = file.storyboard; name = Base; path = Base.lproj/LaunchScreen.storyboard; sourceTree = "<group>"; };
		98CB14362A75A0400038E4AD /* Info.plist */ = {isa = PBXFileReference; lastKnownFileType = text.plist.xml; path = Info.plist; sourceTree = "<group>"; };
		98CB14402A75A68F0038E4AD /* SuperFeed.framework */ = {isa = PBXFileReference; explicitFileType = wrapper.framework; path = SuperFeed.framework; sourceTree = BUILT_PRODUCTS_DIR; };
		98CB14412A75A68F0038E4AD /* SuperFeediOS.framework */ = {isa = PBXFileReference; explicitFileType = wrapper.framework; path = SuperFeediOS.framework; sourceTree = BUILT_PRODUCTS_DIR; };
/* End PBXFileReference section */

/* Begin PBXFrameworksBuildPhase section */
		98C4C59B2A78EA1500F2E895 /* Frameworks */ = {
			isa = PBXFrameworksBuildPhase;
			buildActionMask = 2147483647;
			files = (
			);
			runOnlyForDeploymentPostprocessing = 0;
		};
		98CB14222A75A03F0038E4AD /* Frameworks */ = {
			isa = PBXFrameworksBuildPhase;
			buildActionMask = 2147483647;
			files = (
				98CB14442A75A68F0038E4AD /* SuperFeediOS.framework in Frameworks */,
				98CB14422A75A68F0038E4AD /* SuperFeed.framework in Frameworks */,
			);
			runOnlyForDeploymentPostprocessing = 0;
		};
/* End PBXFrameworksBuildPhase section */

/* Begin PBXGroup section */
		98C4C59F2A78EA1500F2E895 /* SuperAppTests */ = {
			isa = PBXGroup;
			children = (
				98C4C5A72A78EA3900F2E895 /* FeedLoaderWithFallbackCompositeTests.swift */,
				98C4C5AB2A79763000F2E895 /* FeedImageLoaderWithFallbackCompositeTests.swift */,
			);
			path = SuperAppTests;
			sourceTree = "<group>";
		};
		98CB141C2A75A03F0038E4AD = {
			isa = PBXGroup;
			children = (
				98CB14272A75A03F0038E4AD /* SuperApp */,
				98C4C59F2A78EA1500F2E895 /* SuperAppTests */,
				98CB14262A75A03F0038E4AD /* Products */,
				98CB143F2A75A68F0038E4AD /* Frameworks */,
			);
			sourceTree = "<group>";
		};
		98CB14262A75A03F0038E4AD /* Products */ = {
			isa = PBXGroup;
			children = (
				98CB14252A75A03F0038E4AD /* SuperApp.app */,
				98C4C59E2A78EA1500F2E895 /* SuperAppTests.xctest */,
			);
			name = Products;
			sourceTree = "<group>";
		};
		98CB14272A75A03F0038E4AD /* SuperApp */ = {
			isa = PBXGroup;
			children = (
				98CB14282A75A03F0038E4AD /* AppDelegate.swift */,
				98CB142A2A75A03F0038E4AD /* SceneDelegate.swift */,
				98CB142C2A75A03F0038E4AD /* ViewController.swift */,
				98C4C5A92A78F44E00F2E895 /* FeedLoaderWithFallbackComposite.swift */,
				98CB142E2A75A03F0038E4AD /* Main.storyboard */,
				98CB14312A75A0400038E4AD /* Assets.xcassets */,
				98CB14332A75A0400038E4AD /* LaunchScreen.storyboard */,
				98CB14362A75A0400038E4AD /* Info.plist */,
			);
			path = SuperApp;
			sourceTree = "<group>";
		};
		98CB143F2A75A68F0038E4AD /* Frameworks */ = {
			isa = PBXGroup;
			children = (
				98CB14402A75A68F0038E4AD /* SuperFeed.framework */,
				98CB14412A75A68F0038E4AD /* SuperFeediOS.framework */,
			);
			name = Frameworks;
			sourceTree = "<group>";
		};
/* End PBXGroup section */

/* Begin PBXNativeTarget section */
		98C4C59D2A78EA1500F2E895 /* SuperAppTests */ = {
			isa = PBXNativeTarget;
			buildConfigurationList = 98C4C5A62A78EA1500F2E895 /* Build configuration list for PBXNativeTarget "SuperAppTests" */;
			buildPhases = (
				98C4C59A2A78EA1500F2E895 /* Sources */,
				98C4C59B2A78EA1500F2E895 /* Frameworks */,
				98C4C59C2A78EA1500F2E895 /* Resources */,
			);
			buildRules = (
			);
			dependencies = (
				98C4C5A32A78EA1500F2E895 /* PBXTargetDependency */,
			);
			name = SuperAppTests;
			productName = SuperAppTests;
			productReference = 98C4C59E2A78EA1500F2E895 /* SuperAppTests.xctest */;
			productType = "com.apple.product-type.bundle.unit-test";
		};
		98CB14242A75A03F0038E4AD /* SuperApp */ = {
			isa = PBXNativeTarget;
			buildConfigurationList = 98CB14392A75A0400038E4AD /* Build configuration list for PBXNativeTarget "SuperApp" */;
			buildPhases = (
				98CB14212A75A03F0038E4AD /* Sources */,
				98CB14222A75A03F0038E4AD /* Frameworks */,
				98CB14232A75A03F0038E4AD /* Resources */,
				98CB14462A75A68F0038E4AD /* Embed Frameworks */,
			);
			buildRules = (
			);
			dependencies = (
			);
			name = SuperApp;
			productName = SuperApp;
			productReference = 98CB14252A75A03F0038E4AD /* SuperApp.app */;
			productType = "com.apple.product-type.application";
		};
/* End PBXNativeTarget section */

/* Begin PBXProject section */
		98CB141D2A75A03F0038E4AD /* Project object */ = {
			isa = PBXProject;
			attributes = {
				BuildIndependentTargetsInParallel = 1;
				LastSwiftUpdateCheck = 1430;
				LastUpgradeCheck = 1430;
				TargetAttributes = {
					98C4C59D2A78EA1500F2E895 = {
						CreatedOnToolsVersion = 14.3.1;
						LastSwiftMigration = 1430;
						TestTargetID = 98CB14242A75A03F0038E4AD;
					};
					98CB14242A75A03F0038E4AD = {
						CreatedOnToolsVersion = 14.3.1;
					};
				};
			};
			buildConfigurationList = 98CB14202A75A03F0038E4AD /* Build configuration list for PBXProject "SuperApp" */;
			compatibilityVersion = "Xcode 14.0";
			developmentRegion = en;
			hasScannedForEncodings = 0;
			knownRegions = (
				en,
				Base,
			);
			mainGroup = 98CB141C2A75A03F0038E4AD;
			productRefGroup = 98CB14262A75A03F0038E4AD /* Products */;
			projectDirPath = "";
			projectRoot = "";
			targets = (
				98CB14242A75A03F0038E4AD /* SuperApp */,
				98C4C59D2A78EA1500F2E895 /* SuperAppTests */,
			);
		};
/* End PBXProject section */

/* Begin PBXResourcesBuildPhase section */
		98C4C59C2A78EA1500F2E895 /* Resources */ = {
			isa = PBXResourcesBuildPhase;
			buildActionMask = 2147483647;
			files = (
			);
			runOnlyForDeploymentPostprocessing = 0;
		};
		98CB14232A75A03F0038E4AD /* Resources */ = {
			isa = PBXResourcesBuildPhase;
			buildActionMask = 2147483647;
			files = (
				98CB14352A75A0400038E4AD /* LaunchScreen.storyboard in Resources */,
				98CB14322A75A0400038E4AD /* Assets.xcassets in Resources */,
				98CB14302A75A03F0038E4AD /* Main.storyboard in Resources */,
			);
			runOnlyForDeploymentPostprocessing = 0;
		};
/* End PBXResourcesBuildPhase section */

/* Begin PBXSourcesBuildPhase section */
		98C4C59A2A78EA1500F2E895 /* Sources */ = {
			isa = PBXSourcesBuildPhase;
			buildActionMask = 2147483647;
			files = (
				98C4C5AC2A79763000F2E895 /* FeedImageLoaderWithFallbackCompositeTests.swift in Sources */,
				98C4C5A82A78EA3900F2E895 /* FeedLoaderWithFallbackCompositeTests.swift in Sources */,
			);
			runOnlyForDeploymentPostprocessing = 0;
		};
		98CB14212A75A03F0038E4AD /* Sources */ = {
			isa = PBXSourcesBuildPhase;
			buildActionMask = 2147483647;
			files = (
				98CB142D2A75A03F0038E4AD /* ViewController.swift in Sources */,
				98CB14292A75A03F0038E4AD /* AppDelegate.swift in Sources */,
				98C4C5AA2A78F44E00F2E895 /* FeedLoaderWithFallbackComposite.swift in Sources */,
				98CB142B2A75A03F0038E4AD /* SceneDelegate.swift in Sources */,
			);
			runOnlyForDeploymentPostprocessing = 0;
		};
/* End PBXSourcesBuildPhase section */

/* Begin PBXTargetDependency section */
		98C4C5A32A78EA1500F2E895 /* PBXTargetDependency */ = {
			isa = PBXTargetDependency;
			target = 98CB14242A75A03F0038E4AD /* SuperApp */;
			targetProxy = 98C4C5A22A78EA1500F2E895 /* PBXContainerItemProxy */;
		};
/* End PBXTargetDependency section */

/* Begin PBXVariantGroup section */
		98CB142E2A75A03F0038E4AD /* Main.storyboard */ = {
			isa = PBXVariantGroup;
			children = (
				98CB142F2A75A03F0038E4AD /* Base */,
			);
			name = Main.storyboard;
			sourceTree = "<group>";
		};
		98CB14332A75A0400038E4AD /* LaunchScreen.storyboard */ = {
			isa = PBXVariantGroup;
			children = (
				98CB14342A75A0400038E4AD /* Base */,
			);
			name = LaunchScreen.storyboard;
			sourceTree = "<group>";
		};
/* End PBXVariantGroup section */

/* Begin XCBuildConfiguration section */
		98C4C5A42A78EA1500F2E895 /* Debug */ = {
			isa = XCBuildConfiguration;
			buildSettings = {
				BUNDLE_LOADER = "$(TEST_HOST)";
				CLANG_ENABLE_MODULES = YES;
				CODE_SIGN_STYLE = Automatic;
				CURRENT_PROJECT_VERSION = 1;
				DEVELOPMENT_TEAM = D45XUJ5XY2;
				GENERATE_INFOPLIST_FILE = YES;
				MARKETING_VERSION = 1.0;
				PRODUCT_BUNDLE_IDENTIFIER = dev.yossa.SuperAppTests;
				PRODUCT_NAME = "$(TARGET_NAME)";
				SWIFT_EMIT_LOC_STRINGS = NO;
				SWIFT_OPTIMIZATION_LEVEL = "-Onone";
				SWIFT_VERSION = 5.0;
				TARGETED_DEVICE_FAMILY = "1,2";
				TEST_HOST = "$(BUILT_PRODUCTS_DIR)/SuperApp.app/$(BUNDLE_EXECUTABLE_FOLDER_PATH)/SuperApp";
			};
			name = Debug;
		};
		98C4C5A52A78EA1500F2E895 /* Release */ = {
			isa = XCBuildConfiguration;
			buildSettings = {
				BUNDLE_LOADER = "$(TEST_HOST)";
				CLANG_ENABLE_MODULES = YES;
				CODE_SIGN_STYLE = Automatic;
				CURRENT_PROJECT_VERSION = 1;
				DEVELOPMENT_TEAM = D45XUJ5XY2;
				GENERATE_INFOPLIST_FILE = YES;
				MARKETING_VERSION = 1.0;
				PRODUCT_BUNDLE_IDENTIFIER = dev.yossa.SuperAppTests;
				PRODUCT_NAME = "$(TARGET_NAME)";
				SWIFT_EMIT_LOC_STRINGS = NO;
				SWIFT_VERSION = 5.0;
				TARGETED_DEVICE_FAMILY = "1,2";
				TEST_HOST = "$(BUILT_PRODUCTS_DIR)/SuperApp.app/$(BUNDLE_EXECUTABLE_FOLDER_PATH)/SuperApp";
			};
			name = Release;
		};
		98CB14372A75A0400038E4AD /* Debug */ = {
			isa = XCBuildConfiguration;
			buildSettings = {
				ALWAYS_SEARCH_USER_PATHS = NO;
				CLANG_ANALYZER_NONNULL = YES;
				CLANG_ANALYZER_NUMBER_OBJECT_CONVERSION = YES_AGGRESSIVE;
				CLANG_CXX_LANGUAGE_STANDARD = "gnu++20";
				CLANG_ENABLE_MODULES = YES;
				CLANG_ENABLE_OBJC_ARC = YES;
				CLANG_ENABLE_OBJC_WEAK = YES;
				CLANG_WARN_BLOCK_CAPTURE_AUTORELEASING = YES;
				CLANG_WARN_BOOL_CONVERSION = YES;
				CLANG_WARN_COMMA = YES;
				CLANG_WARN_CONSTANT_CONVERSION = YES;
				CLANG_WARN_DEPRECATED_OBJC_IMPLEMENTATIONS = YES;
				CLANG_WARN_DIRECT_OBJC_ISA_USAGE = YES_ERROR;
				CLANG_WARN_DOCUMENTATION_COMMENTS = YES;
				CLANG_WARN_EMPTY_BODY = YES;
				CLANG_WARN_ENUM_CONVERSION = YES;
				CLANG_WARN_INFINITE_RECURSION = YES;
				CLANG_WARN_INT_CONVERSION = YES;
				CLANG_WARN_NON_LITERAL_NULL_CONVERSION = YES;
				CLANG_WARN_OBJC_IMPLICIT_RETAIN_SELF = YES;
				CLANG_WARN_OBJC_LITERAL_CONVERSION = YES;
				CLANG_WARN_OBJC_ROOT_CLASS = YES_ERROR;
				CLANG_WARN_QUOTED_INCLUDE_IN_FRAMEWORK_HEADER = YES;
				CLANG_WARN_RANGE_LOOP_ANALYSIS = YES;
				CLANG_WARN_STRICT_PROTOTYPES = YES;
				CLANG_WARN_SUSPICIOUS_MOVE = YES;
				CLANG_WARN_UNGUARDED_AVAILABILITY = YES_AGGRESSIVE;
				CLANG_WARN_UNREACHABLE_CODE = YES;
				CLANG_WARN__DUPLICATE_METHOD_MATCH = YES;
				COPY_PHASE_STRIP = NO;
				DEBUG_INFORMATION_FORMAT = dwarf;
				ENABLE_STRICT_OBJC_MSGSEND = YES;
				ENABLE_TESTABILITY = YES;
				GCC_C_LANGUAGE_STANDARD = gnu11;
				GCC_DYNAMIC_NO_PIC = NO;
				GCC_NO_COMMON_BLOCKS = YES;
				GCC_OPTIMIZATION_LEVEL = 0;
				GCC_PREPROCESSOR_DEFINITIONS = (
					"DEBUG=1",
					"$(inherited)",
				);
				GCC_WARN_64_TO_32_BIT_CONVERSION = YES;
				GCC_WARN_ABOUT_RETURN_TYPE = YES_ERROR;
				GCC_WARN_UNDECLARED_SELECTOR = YES;
				GCC_WARN_UNINITIALIZED_AUTOS = YES_AGGRESSIVE;
				GCC_WARN_UNUSED_FUNCTION = YES;
				GCC_WARN_UNUSED_VARIABLE = YES;
				IPHONEOS_DEPLOYMENT_TARGET = 16.4;
				MTL_ENABLE_DEBUG_INFO = INCLUDE_SOURCE;
				MTL_FAST_MATH = YES;
				ONLY_ACTIVE_ARCH = YES;
				SDKROOT = iphoneos;
				SWIFT_ACTIVE_COMPILATION_CONDITIONS = DEBUG;
				SWIFT_OPTIMIZATION_LEVEL = "-Onone";
			};
			name = Debug;
		};
		98CB14382A75A0400038E4AD /* Release */ = {
			isa = XCBuildConfiguration;
			buildSettings = {
				ALWAYS_SEARCH_USER_PATHS = NO;
				CLANG_ANALYZER_NONNULL = YES;
				CLANG_ANALYZER_NUMBER_OBJECT_CONVERSION = YES_AGGRESSIVE;
				CLANG_CXX_LANGUAGE_STANDARD = "gnu++20";
				CLANG_ENABLE_MODULES = YES;
				CLANG_ENABLE_OBJC_ARC = YES;
				CLANG_ENABLE_OBJC_WEAK = YES;
				CLANG_WARN_BLOCK_CAPTURE_AUTORELEASING = YES;
				CLANG_WARN_BOOL_CONVERSION = YES;
				CLANG_WARN_COMMA = YES;
				CLANG_WARN_CONSTANT_CONVERSION = YES;
				CLANG_WARN_DEPRECATED_OBJC_IMPLEMENTATIONS = YES;
				CLANG_WARN_DIRECT_OBJC_ISA_USAGE = YES_ERROR;
				CLANG_WARN_DOCUMENTATION_COMMENTS = YES;
				CLANG_WARN_EMPTY_BODY = YES;
				CLANG_WARN_ENUM_CONVERSION = YES;
				CLANG_WARN_INFINITE_RECURSION = YES;
				CLANG_WARN_INT_CONVERSION = YES;
				CLANG_WARN_NON_LITERAL_NULL_CONVERSION = YES;
				CLANG_WARN_OBJC_IMPLICIT_RETAIN_SELF = YES;
				CLANG_WARN_OBJC_LITERAL_CONVERSION = YES;
				CLANG_WARN_OBJC_ROOT_CLASS = YES_ERROR;
				CLANG_WARN_QUOTED_INCLUDE_IN_FRAMEWORK_HEADER = YES;
				CLANG_WARN_RANGE_LOOP_ANALYSIS = YES;
				CLANG_WARN_STRICT_PROTOTYPES = YES;
				CLANG_WARN_SUSPICIOUS_MOVE = YES;
				CLANG_WARN_UNGUARDED_AVAILABILITY = YES_AGGRESSIVE;
				CLANG_WARN_UNREACHABLE_CODE = YES;
				CLANG_WARN__DUPLICATE_METHOD_MATCH = YES;
				COPY_PHASE_STRIP = NO;
				DEBUG_INFORMATION_FORMAT = "dwarf-with-dsym";
				ENABLE_NS_ASSERTIONS = NO;
				ENABLE_STRICT_OBJC_MSGSEND = YES;
				GCC_C_LANGUAGE_STANDARD = gnu11;
				GCC_NO_COMMON_BLOCKS = YES;
				GCC_WARN_64_TO_32_BIT_CONVERSION = YES;
				GCC_WARN_ABOUT_RETURN_TYPE = YES_ERROR;
				GCC_WARN_UNDECLARED_SELECTOR = YES;
				GCC_WARN_UNINITIALIZED_AUTOS = YES_AGGRESSIVE;
				GCC_WARN_UNUSED_FUNCTION = YES;
				GCC_WARN_UNUSED_VARIABLE = YES;
				IPHONEOS_DEPLOYMENT_TARGET = 16.4;
				MTL_ENABLE_DEBUG_INFO = NO;
				MTL_FAST_MATH = YES;
				SDKROOT = iphoneos;
				SWIFT_COMPILATION_MODE = wholemodule;
				SWIFT_OPTIMIZATION_LEVEL = "-O";
				VALIDATE_PRODUCT = YES;
			};
			name = Release;
		};
		98CB143A2A75A0400038E4AD /* Debug */ = {
			isa = XCBuildConfiguration;
			buildSettings = {
				ASSETCATALOG_COMPILER_APPICON_NAME = AppIcon;
				ASSETCATALOG_COMPILER_GLOBAL_ACCENT_COLOR_NAME = AccentColor;
				CODE_SIGN_STYLE = Automatic;
				CURRENT_PROJECT_VERSION = 1;
				DEVELOPMENT_TEAM = D45XUJ5XY2;
				GENERATE_INFOPLIST_FILE = YES;
				INFOPLIST_FILE = SuperApp/Info.plist;
				INFOPLIST_KEY_UIApplicationSupportsIndirectInputEvents = YES;
				INFOPLIST_KEY_UILaunchStoryboardName = LaunchScreen;
				INFOPLIST_KEY_UIMainStoryboardFile = Main;
				INFOPLIST_KEY_UISupportedInterfaceOrientations_iPad = "UIInterfaceOrientationPortrait UIInterfaceOrientationPortraitUpsideDown UIInterfaceOrientationLandscapeLeft UIInterfaceOrientationLandscapeRight";
				INFOPLIST_KEY_UISupportedInterfaceOrientations_iPhone = "UIInterfaceOrientationPortrait UIInterfaceOrientationLandscapeLeft UIInterfaceOrientationLandscapeRight";
				LD_RUNPATH_SEARCH_PATHS = (
					"$(inherited)",
					"@executable_path/Frameworks",
				);
				MARKETING_VERSION = 1.0;
				PRODUCT_BUNDLE_IDENTIFIER = dev.yossa.SuperApp;
				PRODUCT_NAME = "$(TARGET_NAME)";
				SWIFT_EMIT_LOC_STRINGS = YES;
				SWIFT_VERSION = 5.0;
				TARGETED_DEVICE_FAMILY = "1,2";
			};
			name = Debug;
		};
		98CB143B2A75A0400038E4AD /* Release */ = {
			isa = XCBuildConfiguration;
			buildSettings = {
				ASSETCATALOG_COMPILER_APPICON_NAME = AppIcon;
				ASSETCATALOG_COMPILER_GLOBAL_ACCENT_COLOR_NAME = AccentColor;
				CODE_SIGN_STYLE = Automatic;
				CURRENT_PROJECT_VERSION = 1;
				DEVELOPMENT_TEAM = D45XUJ5XY2;
				GENERATE_INFOPLIST_FILE = YES;
				INFOPLIST_FILE = SuperApp/Info.plist;
				INFOPLIST_KEY_UIApplicationSupportsIndirectInputEvents = YES;
				INFOPLIST_KEY_UILaunchStoryboardName = LaunchScreen;
				INFOPLIST_KEY_UIMainStoryboardFile = Main;
				INFOPLIST_KEY_UISupportedInterfaceOrientations_iPad = "UIInterfaceOrientationPortrait UIInterfaceOrientationPortraitUpsideDown UIInterfaceOrientationLandscapeLeft UIInterfaceOrientationLandscapeRight";
				INFOPLIST_KEY_UISupportedInterfaceOrientations_iPhone = "UIInterfaceOrientationPortrait UIInterfaceOrientationLandscapeLeft UIInterfaceOrientationLandscapeRight";
				LD_RUNPATH_SEARCH_PATHS = (
					"$(inherited)",
					"@executable_path/Frameworks",
				);
				MARKETING_VERSION = 1.0;
				PRODUCT_BUNDLE_IDENTIFIER = dev.yossa.SuperApp;
				PRODUCT_NAME = "$(TARGET_NAME)";
				SWIFT_EMIT_LOC_STRINGS = YES;
				SWIFT_VERSION = 5.0;
				TARGETED_DEVICE_FAMILY = "1,2";
			};
			name = Release;
		};
/* End XCBuildConfiguration section */

/* Begin XCConfigurationList section */
		98C4C5A62A78EA1500F2E895 /* Build configuration list for PBXNativeTarget "SuperAppTests" */ = {
			isa = XCConfigurationList;
			buildConfigurations = (
				98C4C5A42A78EA1500F2E895 /* Debug */,
				98C4C5A52A78EA1500F2E895 /* Release */,
			);
			defaultConfigurationIsVisible = 0;
			defaultConfigurationName = Release;
		};
		98CB14202A75A03F0038E4AD /* Build configuration list for PBXProject "SuperApp" */ = {
			isa = XCConfigurationList;
			buildConfigurations = (
				98CB14372A75A0400038E4AD /* Debug */,
				98CB14382A75A0400038E4AD /* Release */,
			);
			defaultConfigurationIsVisible = 0;
			defaultConfigurationName = Release;
		};
		98CB14392A75A0400038E4AD /* Build configuration list for PBXNativeTarget "SuperApp" */ = {
			isa = XCConfigurationList;
			buildConfigurations = (
				98CB143A2A75A0400038E4AD /* Debug */,
				98CB143B2A75A0400038E4AD /* Release */,
			);
			defaultConfigurationIsVisible = 0;
			defaultConfigurationName = Release;
		};
/* End XCConfigurationList section */
	};
	rootObject = 98CB141D2A75A03F0038E4AD /* Project object */;
}
