// !$*UTF8*$!
{
	archiveVersion = 1;
	classes = {
	};
	objectVersion = 56;
	objects = {

/* Begin PBXBuildFile section */
		9830AF43293D078300BD39CE /* SuperFeed.docc in Sources */ = {isa = PBXBuildFile; fileRef = 9830AF42293D078300BD39CE /* SuperFeed.docc */; };
		9830AF49293D078300BD39CE /* SuperFeed.framework in Frameworks */ = {isa = PBXBuildFile; fileRef = 9830AF3E293D078300BD39CE /* SuperFeed.framework */; };
		9830AF4F293D078300BD39CE /* SuperFeed.h in Headers */ = {isa = PBXBuildFile; fileRef = 9830AF41293D078300BD39CE /* SuperFeed.h */; settings = {ATTRIBUTES = (Public, ); }; };
		9830AF60293D07B300BD39CE /* URLSessionHTTPClient.swift in Sources */ = {isa = PBXBuildFile; fileRef = 9830AF59293D07B300BD39CE /* URLSessionHTTPClient.swift */; };
		9830AF62293D07B300BD39CE /* FeedItemsMapper.swift in Sources */ = {isa = PBXBuildFile; fileRef = 9830AF5A293D07B300BD39CE /* FeedItemsMapper.swift */; };
		9830AF64293D07B300BD39CE /* HTTPClient.swift in Sources */ = {isa = PBXBuildFile; fileRef = 9830AF5B293D07B300BD39CE /* HTTPClient.swift */; };
		9830AF66293D07B300BD39CE /* RemoteFeedLoader.swift in Sources */ = {isa = PBXBuildFile; fileRef = 9830AF5C293D07B300BD39CE /* RemoteFeedLoader.swift */; };
		9830AF68293D07B300BD39CE /* FeedLoader.swift in Sources */ = {isa = PBXBuildFile; fileRef = 9830AF5E293D07B300BD39CE /* FeedLoader.swift */; };
		9830AF6A293D07B300BD39CE /* FeedImage.swift in Sources */ = {isa = PBXBuildFile; fileRef = 9830AF5F293D07B300BD39CE /* FeedImage.swift */; };
		9830AF7B293D14DA00BD39CE /* SuperFeedEndToEndTests.swift in Sources */ = {isa = PBXBuildFile; fileRef = 9830AF7A293D14DA00BD39CE /* SuperFeedEndToEndTests.swift */; };
		9830AF7C293D14DA00BD39CE /* SuperFeed.framework in Frameworks */ = {isa = PBXBuildFile; fileRef = 9830AF3E293D078300BD39CE /* SuperFeed.framework */; };
		9830AF82293D157400BD39CE /* XCTestCase+MemoryLeakTracking.swift in Sources */ = {isa = PBXBuildFile; fileRef = 9830AF6F293D07C200BD39CE /* XCTestCase+MemoryLeakTracking.swift */; };
		9833EBF7297651CE00F4F421 /* FeedStore.swift in Sources */ = {isa = PBXBuildFile; fileRef = 9833EBF6297651CE00F4F421 /* FeedStore.swift */; };
		9833EBF9297651D200F4F421 /* LocalFeedLoader.swift in Sources */ = {isa = PBXBuildFile; fileRef = 9833EBF8297651D200F4F421 /* LocalFeedLoader.swift */; };
		9833EBFD2976721000F4F421 /* RemoteFeedItem.swift in Sources */ = {isa = PBXBuildFile; fileRef = 9833EBFC2976721000F4F421 /* RemoteFeedItem.swift */; };
		9833EBFF29767DCC00F4F421 /* LocalFeedImage.swift in Sources */ = {isa = PBXBuildFile; fileRef = 9833EBFE29767DCC00F4F421 /* LocalFeedImage.swift */; };
		983EBEA62A4CB11D000EBB21 /* Feed.storyboard in Resources */ = {isa = PBXBuildFile; fileRef = 983EBEA52A4CB11D000EBB21 /* Feed.storyboard */; };
		983EBEA82A4CB192000EBB21 /* Feed.xcassets in Resources */ = {isa = PBXBuildFile; fileRef = 983EBEA72A4CB192000EBB21 /* Feed.xcassets */; };
		983EBEAA2A4CC8CB000EBB21 /* UITableView+Dequeueing.swift in Sources */ = {isa = PBXBuildFile; fileRef = 983EBEA92A4CC8CB000EBB21 /* UITableView+Dequeueing.swift */; };
		983EBEAC2A4CC994000EBB21 /* UIImageView+Animations.swift in Sources */ = {isa = PBXBuildFile; fileRef = 983EBEAB2A4CC994000EBB21 /* UIImageView+Animations.swift */; };
		9845D9C02A670E8D00215F1B /* FeedPresenterTests.swift in Sources */ = {isa = PBXBuildFile; fileRef = 9845D9BF2A670E8D00215F1B /* FeedPresenterTests.swift */; };
		984888AA2A2BAD96005ECE69 /* FeedImageCellController.swift in Sources */ = {isa = PBXBuildFile; fileRef = 984888A92A2BAD95005ECE69 /* FeedImageCellController.swift */; };
		984888AD2A2BB4BA005ECE69 /* FeedUIComposer.swift in Sources */ = {isa = PBXBuildFile; fileRef = 984888AC2A2BB4BA005ECE69 /* FeedUIComposer.swift */; };
		986A53AD2A6F71B700EDF246 /* HTTPURLResponse+StatusCode.swift in Sources */ = {isa = PBXBuildFile; fileRef = 986A53AC2A6F71B700EDF246 /* HTTPURLResponse+StatusCode.swift */; };
		986A53B22A6F749B00EDF246 /* URLProtocolStub.swift in Sources */ = {isa = PBXBuildFile; fileRef = 986A53B12A6F749B00EDF246 /* URLProtocolStub.swift */; };
		986A53B32A6F76CB00EDF246 /* HTTPClientSpy.swift in Sources */ = {isa = PBXBuildFile; fileRef = 986A53AF2A6F737F00EDF246 /* HTTPClientSpy.swift */; };
		986CCE332A69A1E10035FCF3 /* FeedPresenter.swift in Sources */ = {isa = PBXBuildFile; fileRef = 986CCE322A69A1E10035FCF3 /* FeedPresenter.swift */; };
		986CCE342A69A2810035FCF3 /* Feed.strings in Resources */ = {isa = PBXBuildFile; fileRef = 986CCE2E2A69A0F00035FCF3 /* Feed.strings */; };
		986CCE362A69A2B70035FCF3 /* FeedViewModel.swift in Sources */ = {isa = PBXBuildFile; fileRef = 986CCE352A69A2B70035FCF3 /* FeedViewModel.swift */; };
		986CCE382A69A2CD0035FCF3 /* FeedLoadingViewModel.swift in Sources */ = {isa = PBXBuildFile; fileRef = 986CCE372A69A2CD0035FCF3 /* FeedLoadingViewModel.swift */; };
		986CCE3A2A69A2DC0035FCF3 /* FeedErrorViewModel.swift in Sources */ = {isa = PBXBuildFile; fileRef = 986CCE392A69A2DC0035FCF3 /* FeedErrorViewModel.swift */; };
		986CCE3D2A69A4C80035FCF3 /* FeedLocalizationTests.swift in Sources */ = {isa = PBXBuildFile; fileRef = 98CACF6B2A4DE317001AA2B3 /* FeedLocalizationTests.swift */; };
		986CCE3E2A69A6490035FCF3 /* FeedImageViewModel.swift in Sources */ = {isa = PBXBuildFile; fileRef = 986CCE3B2A69A35A0035FCF3 /* FeedImageViewModel.swift */; };
		986CCE3F2A69A6490035FCF3 /* FeedImagePresenter.swift in Sources */ = {isa = PBXBuildFile; fileRef = 984888BD2A2E5293005ECE69 /* FeedImagePresenter.swift */; };
		986CCE412A69A6E30035FCF3 /* FeedImageDataLoaderTask.swift in Sources */ = {isa = PBXBuildFile; fileRef = 986CCE402A69A6E30035FCF3 /* FeedImageDataLoaderTask.swift */; };
		98B156CC2A149666002E3020 /* SuperFeediOS.docc in Sources */ = {isa = PBXBuildFile; fileRef = 98B156CB2A149666002E3020 /* SuperFeediOS.docc */; };
		98B156D22A149667002E3020 /* SuperFeediOS.framework in Frameworks */ = {isa = PBXBuildFile; fileRef = 98B156C82A149666002E3020 /* SuperFeediOS.framework */; };
		98B156E12A14BD6C002E3020 /* FeedUIIntegrationTests.swift in Sources */ = {isa = PBXBuildFile; fileRef = 98B156E02A14BD6C002E3020 /* FeedUIIntegrationTests.swift */; };
		98B156E82A14C045002E3020 /* SuperFeed.framework in Frameworks */ = {isa = PBXBuildFile; fileRef = 9830AF3E293D078300BD39CE /* SuperFeed.framework */; platformFilter = ios; };
		98B156ED2A1550DC002E3020 /* XCTestCase+MemoryLeakTracking.swift in Sources */ = {isa = PBXBuildFile; fileRef = 9830AF6F293D07C200BD39CE /* XCTestCase+MemoryLeakTracking.swift */; };
		98CACF592A4DE0E7001AA2B3 /* FeedImageCell+TestHelpers.swift in Sources */ = {isa = PBXBuildFile; fileRef = 98CACF582A4DE0E7001AA2B3 /* FeedImageCell+TestHelpers.swift */; };
		98CACF5B2A4DE13A001AA2B3 /* UIButton+TestHelpers.swift in Sources */ = {isa = PBXBuildFile; fileRef = 98CACF5A2A4DE13A001AA2B3 /* UIButton+TestHelpers.swift */; };
		98CACF5F2A4DE17E001AA2B3 /* UIImage+TestHelpers.swift in Sources */ = {isa = PBXBuildFile; fileRef = 98CACF5E2A4DE17E001AA2B3 /* UIImage+TestHelpers.swift */; };
		98CACF612A4DE183001AA2B3 /* UIRefreshControl+TestHelpers.swift in Sources */ = {isa = PBXBuildFile; fileRef = 98CACF602A4DE183001AA2B3 /* UIRefreshControl+TestHelpers.swift */; };
		98CACF632A4DE1CD001AA2B3 /* FeedViewController+TestHelpers.swift in Sources */ = {isa = PBXBuildFile; fileRef = 98CACF622A4DE1CD001AA2B3 /* FeedViewController+TestHelpers.swift */; };
		98CACF672A4DE231001AA2B3 /* FeedUIIntegrationTests+Localization.swift in Sources */ = {isa = PBXBuildFile; fileRef = 98CACF662A4DE231001AA2B3 /* FeedUIIntegrationTests+Localization.swift */; };
		98CACF762A4E0F65001AA2B3 /* MainQueueDispatchDecorator.swift in Sources */ = {isa = PBXBuildFile; fileRef = 98CACF752A4E0F65001AA2B3 /* MainQueueDispatchDecorator.swift */; };
		98CB140C2A7566790038E4AD /* FeedImageDataStore.swift in Sources */ = {isa = PBXBuildFile; fileRef = 98CB140B2A7566790038E4AD /* FeedImageDataStore.swift */; };
		98CCEA4B2A7386EF00ED52C0 /* RemoteFeedImageDataLoader.swift in Sources */ = {isa = PBXBuildFile; fileRef = 98CCEA4A2A7386EF00ED52C0 /* RemoteFeedImageDataLoader.swift */; };
		98CCEA4D2A73B0F900ED52C0 /* LoadFeedImageDataFromRemoteUseCaseTests.swift in Sources */ = {isa = PBXBuildFile; fileRef = 98CCEA4C2A73B0F900ED52C0 /* LoadFeedImageDataFromRemoteUseCaseTests.swift */; };
		98DE8729298958E00078BBD8 /* FeedCachePolicy.swift in Sources */ = {isa = PBXBuildFile; fileRef = 98DE8728298958E00078BBD8 /* FeedCachePolicy.swift */; };
		98DE872E298A0AAB0078BBD8 /* CodableFeedStore.swift in Sources */ = {isa = PBXBuildFile; fileRef = 98DE872D298A0AAB0078BBD8 /* CodableFeedStore.swift */; };
		98DE8740298A53B80078BBD8 /* FeedStore.xcdatamodeld in Sources */ = {isa = PBXBuildFile; fileRef = 98DE873E298A53B80078BBD8 /* FeedStore.xcdatamodeld */; };
		98DE875A298A58140078BBD8 /* ManagedCache.swift in Sources */ = {isa = PBXBuildFile; fileRef = 98DE8759298A58140078BBD8 /* ManagedCache.swift */; };
		98DE875C298A58190078BBD8 /* ManagedFeedImage.swift in Sources */ = {isa = PBXBuildFile; fileRef = 98DE875B298A58190078BBD8 /* ManagedFeedImage.swift */; };
		98DE875E298A5B240078BBD8 /* CoreDataHelpers.swift in Sources */ = {isa = PBXBuildFile; fileRef = 98DE875D298A5B240078BBD8 /* CoreDataHelpers.swift */; };
		98DE8760298A5C1B0078BBD8 /* CoreDataFeedStore.swift in Sources */ = {isa = PBXBuildFile; fileRef = 98DE875F298A5C1B0078BBD8 /* CoreDataFeedStore.swift */; };
		98DE877E298A656A0078BBD8 /* XCTestCase+MemoryLeakTracking.swift in Sources */ = {isa = PBXBuildFile; fileRef = 9830AF6F293D07C200BD39CE /* XCTestCase+MemoryLeakTracking.swift */; };
		98DE877F298A656D0078BBD8 /* CoreDataFeedStoreTests.swift in Sources */ = {isa = PBXBuildFile; fileRef = 98DE8761298A5EB90078BBD8 /* CoreDataFeedStoreTests.swift */; };
		98DE8780298A656D0078BBD8 /* FeedStoreSpecs.swift in Sources */ = {isa = PBXBuildFile; fileRef = 98DE8731298A30690078BBD8 /* FeedStoreSpecs.swift */; };
		98DE8781298A656D0078BBD8 /* LoadFeedFromCacheUseCaseTests.swift in Sources */ = {isa = PBXBuildFile; fileRef = 98DE8720298832A60078BBD8 /* LoadFeedFromCacheUseCaseTests.swift */; };
		98DE8782298A656D0078BBD8 /* CodableFeedStoreTests.swift in Sources */ = {isa = PBXBuildFile; fileRef = 98DE872B298962E80078BBD8 /* CodableFeedStoreTests.swift */; };
		98DE8783298A656D0078BBD8 /* CacheFeedUseCaseTests.swift in Sources */ = {isa = PBXBuildFile; fileRef = 98D15D22296705FC0065ABC9 /* CacheFeedUseCaseTests.swift */; };
		98DE8784298A656D0078BBD8 /* ValidateFeedCacheUseCaseTests.swift in Sources */ = {isa = PBXBuildFile; fileRef = 98DE8726298956F10078BBD8 /* ValidateFeedCacheUseCaseTests.swift */; };
		98DE8785298A65700078BBD8 /* LoadFeedFromRemoteUseCaseTests.swift in Sources */ = {isa = PBXBuildFile; fileRef = 9830AF6D293D07C200BD39CE /* LoadFeedFromRemoteUseCaseTests.swift */; };
		98DE8786298A65700078BBD8 /* URLSessionHTTPClientTests.swift in Sources */ = {isa = PBXBuildFile; fileRef = 9830AF70293D07C200BD39CE /* URLSessionHTTPClientTests.swift */; };
		98DE8787298A658D0078BBD8 /* XCTestCase+FeedStoreSpecs.swift in Sources */ = {isa = PBXBuildFile; fileRef = 98DE8733298A30DB0078BBD8 /* XCTestCase+FeedStoreSpecs.swift */; };
		98DE8788298A658D0078BBD8 /* XCTestCase+FailableDeleteFeedStoreSpecs.swift in Sources */ = {isa = PBXBuildFile; fileRef = 98DE8739298A345D0078BBD8 /* XCTestCase+FailableDeleteFeedStoreSpecs.swift */; };
		98DE8789298A658D0078BBD8 /* FeedCacheTestHelpers.swift in Sources */ = {isa = PBXBuildFile; fileRef = 98DE87242989545A0078BBD8 /* FeedCacheTestHelpers.swift */; };
		98DE878A298A658D0078BBD8 /* XCTestCase+FailableInsertFeedStoreSpecs.swift in Sources */ = {isa = PBXBuildFile; fileRef = 98DE8737298A344F0078BBD8 /* XCTestCase+FailableInsertFeedStoreSpecs.swift */; };
		98DE878B298A658D0078BBD8 /* FeedStoreSpy.swift in Sources */ = {isa = PBXBuildFile; fileRef = 98DE871E298825F90078BBD8 /* FeedStoreSpy.swift */; };
		98DE878C298A658D0078BBD8 /* XCTestCase+FailableRetrieveFeedStoreSpecs.swift in Sources */ = {isa = PBXBuildFile; fileRef = 98DE8735298A343E0078BBD8 /* XCTestCase+FailableRetrieveFeedStoreSpecs.swift */; };
		98DE878D298A658D0078BBD8 /* SharedTestHelpers.swift in Sources */ = {isa = PBXBuildFile; fileRef = 98DE87222989542F0078BBD8 /* SharedTestHelpers.swift */; };
		98DE87C0298B91DB0078BBD8 /* SuperFeedCacheIntegrationTests.swift in Sources */ = {isa = PBXBuildFile; fileRef = 98DE87BF298B91DB0078BBD8 /* SuperFeedCacheIntegrationTests.swift */; };
		98DE87C1298B91DB0078BBD8 /* SuperFeed.framework in Frameworks */ = {isa = PBXBuildFile; fileRef = 9830AF3E293D078300BD39CE /* SuperFeed.framework */; };
		98DE87C7298B98A30078BBD8 /* FeedCacheTestHelpers.swift in Sources */ = {isa = PBXBuildFile; fileRef = 98DE87242989545A0078BBD8 /* FeedCacheTestHelpers.swift */; };
		98DE87C8298B98A30078BBD8 /* FeedCacheTestHelpers.swift in Sources */ = {isa = PBXBuildFile; fileRef = 98DE87242989545A0078BBD8 /* FeedCacheTestHelpers.swift */; };
		98DE87C9298B98AF0078BBD8 /* XCTestCase+MemoryLeakTracking.swift in Sources */ = {isa = PBXBuildFile; fileRef = 9830AF6F293D07C200BD39CE /* XCTestCase+MemoryLeakTracking.swift */; };
		98DE87CA298B98D40078BBD8 /* SharedTestHelpers.swift in Sources */ = {isa = PBXBuildFile; fileRef = 98DE87222989542F0078BBD8 /* SharedTestHelpers.swift */; };
		98DE87CB298B98D40078BBD8 /* SharedTestHelpers.swift in Sources */ = {isa = PBXBuildFile; fileRef = 98DE87222989542F0078BBD8 /* SharedTestHelpers.swift */; };
		98FF75E82A160730000A63D5 /* FeedViewController.swift in Sources */ = {isa = PBXBuildFile; fileRef = 98FF75E72A160730000A63D5 /* FeedViewController.swift */; };
		98FF75EA2A162408000A63D5 /* FeedImageCell.swift in Sources */ = {isa = PBXBuildFile; fileRef = 98FF75E92A162408000A63D5 /* FeedImageCell.swift */; };
		98FF75EC2A1771D3000A63D5 /* UIView+Shimmering.swift in Sources */ = {isa = PBXBuildFile; fileRef = 98FF75EB2A1771D3000A63D5 /* UIView+Shimmering.swift */; };
/* End PBXBuildFile section */

/* Begin PBXContainerItemProxy section */
		9830AF4A293D078300BD39CE /* PBXContainerItemProxy */ = {
			isa = PBXContainerItemProxy;
			containerPortal = 9830AF35293D078300BD39CE /* Project object */;
			proxyType = 1;
			remoteGlobalIDString = 9830AF3D293D078300BD39CE;
			remoteInfo = SuperFeed;
		};
		9830AF7D293D14DA00BD39CE /* PBXContainerItemProxy */ = {
			isa = PBXContainerItemProxy;
			containerPortal = 9830AF35293D078300BD39CE /* Project object */;
			proxyType = 1;
			remoteGlobalIDString = 9830AF3D293D078300BD39CE;
			remoteInfo = SuperFeed;
		};
		98B156D32A149667002E3020 /* PBXContainerItemProxy */ = {
			isa = PBXContainerItemProxy;
			containerPortal = 9830AF35293D078300BD39CE /* Project object */;
			proxyType = 1;
			remoteGlobalIDString = 98B156C72A149666002E3020;
			remoteInfo = SuperFeediOS;
		};
		98B156EA2A14C045002E3020 /* PBXContainerItemProxy */ = {
			isa = PBXContainerItemProxy;
			containerPortal = 9830AF35293D078300BD39CE /* Project object */;
			proxyType = 1;
			remoteGlobalIDString = 9830AF3D293D078300BD39CE;
			remoteInfo = SuperFeed;
		};
		98DE87C2298B91DB0078BBD8 /* PBXContainerItemProxy */ = {
			isa = PBXContainerItemProxy;
			containerPortal = 9830AF35293D078300BD39CE /* Project object */;
			proxyType = 1;
			remoteGlobalIDString = 9830AF3D293D078300BD39CE;
			remoteInfo = SuperFeed;
		};
/* End PBXContainerItemProxy section */

/* Begin PBXFileReference section */
		9830AF3E293D078300BD39CE /* SuperFeed.framework */ = {isa = PBXFileReference; explicitFileType = wrapper.framework; includeInIndex = 0; path = SuperFeed.framework; sourceTree = BUILT_PRODUCTS_DIR; };
		9830AF41293D078300BD39CE /* SuperFeed.h */ = {isa = PBXFileReference; lastKnownFileType = sourcecode.c.h; path = SuperFeed.h; sourceTree = "<group>"; };
		9830AF42293D078300BD39CE /* SuperFeed.docc */ = {isa = PBXFileReference; lastKnownFileType = folder.documentationcatalog; path = SuperFeed.docc; sourceTree = "<group>"; };
		9830AF48293D078300BD39CE /* SuperFeedTests.xctest */ = {isa = PBXFileReference; explicitFileType = wrapper.cfbundle; includeInIndex = 0; path = SuperFeedTests.xctest; sourceTree = BUILT_PRODUCTS_DIR; };
		9830AF59293D07B300BD39CE /* URLSessionHTTPClient.swift */ = {isa = PBXFileReference; fileEncoding = 4; lastKnownFileType = sourcecode.swift; path = URLSessionHTTPClient.swift; sourceTree = "<group>"; };
		9830AF5A293D07B300BD39CE /* FeedItemsMapper.swift */ = {isa = PBXFileReference; fileEncoding = 4; lastKnownFileType = sourcecode.swift; path = FeedItemsMapper.swift; sourceTree = "<group>"; };
		9830AF5B293D07B300BD39CE /* HTTPClient.swift */ = {isa = PBXFileReference; fileEncoding = 4; lastKnownFileType = sourcecode.swift; path = HTTPClient.swift; sourceTree = "<group>"; };
		9830AF5C293D07B300BD39CE /* RemoteFeedLoader.swift */ = {isa = PBXFileReference; fileEncoding = 4; lastKnownFileType = sourcecode.swift; path = RemoteFeedLoader.swift; sourceTree = "<group>"; };
		9830AF5E293D07B300BD39CE /* FeedLoader.swift */ = {isa = PBXFileReference; fileEncoding = 4; lastKnownFileType = sourcecode.swift; path = FeedLoader.swift; sourceTree = "<group>"; };
		9830AF5F293D07B300BD39CE /* FeedImage.swift */ = {isa = PBXFileReference; fileEncoding = 4; lastKnownFileType = sourcecode.swift; path = FeedImage.swift; sourceTree = "<group>"; };
		9830AF6D293D07C200BD39CE /* LoadFeedFromRemoteUseCaseTests.swift */ = {isa = PBXFileReference; fileEncoding = 4; lastKnownFileType = sourcecode.swift; path = LoadFeedFromRemoteUseCaseTests.swift; sourceTree = "<group>"; };
		9830AF6F293D07C200BD39CE /* XCTestCase+MemoryLeakTracking.swift */ = {isa = PBXFileReference; fileEncoding = 4; lastKnownFileType = sourcecode.swift; path = "XCTestCase+MemoryLeakTracking.swift"; sourceTree = "<group>"; };
		9830AF70293D07C200BD39CE /* URLSessionHTTPClientTests.swift */ = {isa = PBXFileReference; fileEncoding = 4; lastKnownFileType = sourcecode.swift; path = URLSessionHTTPClientTests.swift; sourceTree = "<group>"; };
		9830AF78293D14DA00BD39CE /* SuperFeedEndToEndTests.xctest */ = {isa = PBXFileReference; explicitFileType = wrapper.cfbundle; includeInIndex = 0; path = SuperFeedEndToEndTests.xctest; sourceTree = BUILT_PRODUCTS_DIR; };
		9830AF7A293D14DA00BD39CE /* SuperFeedEndToEndTests.swift */ = {isa = PBXFileReference; lastKnownFileType = sourcecode.swift; path = SuperFeedEndToEndTests.swift; sourceTree = "<group>"; };
		9833EBF6297651CE00F4F421 /* FeedStore.swift */ = {isa = PBXFileReference; lastKnownFileType = sourcecode.swift; path = FeedStore.swift; sourceTree = "<group>"; };
		9833EBF8297651D200F4F421 /* LocalFeedLoader.swift */ = {isa = PBXFileReference; lastKnownFileType = sourcecode.swift; path = LocalFeedLoader.swift; sourceTree = "<group>"; };
		9833EBFC2976721000F4F421 /* RemoteFeedItem.swift */ = {isa = PBXFileReference; lastKnownFileType = sourcecode.swift; path = RemoteFeedItem.swift; sourceTree = "<group>"; };
		9833EBFE29767DCC00F4F421 /* LocalFeedImage.swift */ = {isa = PBXFileReference; lastKnownFileType = sourcecode.swift; path = LocalFeedImage.swift; sourceTree = "<group>"; };
		983EBEA52A4CB11D000EBB21 /* Feed.storyboard */ = {isa = PBXFileReference; lastKnownFileType = file.storyboard; path = Feed.storyboard; sourceTree = "<group>"; };
		983EBEA72A4CB192000EBB21 /* Feed.xcassets */ = {isa = PBXFileReference; lastKnownFileType = folder.assetcatalog; path = Feed.xcassets; sourceTree = "<group>"; };
		983EBEA92A4CC8CB000EBB21 /* UITableView+Dequeueing.swift */ = {isa = PBXFileReference; lastKnownFileType = sourcecode.swift; path = "UITableView+Dequeueing.swift"; sourceTree = "<group>"; };
		983EBEAB2A4CC994000EBB21 /* UIImageView+Animations.swift */ = {isa = PBXFileReference; lastKnownFileType = sourcecode.swift; path = "UIImageView+Animations.swift"; sourceTree = "<group>"; };
		9845D9BF2A670E8D00215F1B /* FeedPresenterTests.swift */ = {isa = PBXFileReference; lastKnownFileType = sourcecode.swift; path = FeedPresenterTests.swift; sourceTree = "<group>"; };
		984888A92A2BAD95005ECE69 /* FeedImageCellController.swift */ = {isa = PBXFileReference; lastKnownFileType = sourcecode.swift; path = FeedImageCellController.swift; sourceTree = "<group>"; };
		984888AC2A2BB4BA005ECE69 /* FeedUIComposer.swift */ = {isa = PBXFileReference; lastKnownFileType = sourcecode.swift; path = FeedUIComposer.swift; sourceTree = "<group>"; };
		984888BD2A2E5293005ECE69 /* FeedImagePresenter.swift */ = {isa = PBXFileReference; lastKnownFileType = sourcecode.swift; path = FeedImagePresenter.swift; sourceTree = "<group>"; };
		986A53AC2A6F71B700EDF246 /* HTTPURLResponse+StatusCode.swift */ = {isa = PBXFileReference; lastKnownFileType = sourcecode.swift; path = "HTTPURLResponse+StatusCode.swift"; sourceTree = "<group>"; };
		986A53AF2A6F737F00EDF246 /* HTTPClientSpy.swift */ = {isa = PBXFileReference; lastKnownFileType = sourcecode.swift; path = HTTPClientSpy.swift; sourceTree = "<group>"; };
		986A53B12A6F749B00EDF246 /* URLProtocolStub.swift */ = {isa = PBXFileReference; lastKnownFileType = sourcecode.swift; path = URLProtocolStub.swift; sourceTree = "<group>"; };
		986CCE2D2A69A0F00035FCF3 /* en */ = {isa = PBXFileReference; lastKnownFileType = text.plist.strings; name = en; path = en.lproj/Feed.strings; sourceTree = "<group>"; };
		986CCE2F2A69A0FA0035FCF3 /* ja */ = {isa = PBXFileReference; lastKnownFileType = text.plist.strings; name = ja; path = ja.lproj/Feed.strings; sourceTree = "<group>"; };
		986CCE302A69A0FA0035FCF3 /* th */ = {isa = PBXFileReference; lastKnownFileType = text.plist.strings; name = th; path = th.lproj/Feed.strings; sourceTree = "<group>"; };
		986CCE322A69A1E10035FCF3 /* FeedPresenter.swift */ = {isa = PBXFileReference; lastKnownFileType = sourcecode.swift; path = FeedPresenter.swift; sourceTree = "<group>"; };
		986CCE352A69A2B70035FCF3 /* FeedViewModel.swift */ = {isa = PBXFileReference; lastKnownFileType = sourcecode.swift; path = FeedViewModel.swift; sourceTree = "<group>"; };
		986CCE372A69A2CD0035FCF3 /* FeedLoadingViewModel.swift */ = {isa = PBXFileReference; lastKnownFileType = sourcecode.swift; path = FeedLoadingViewModel.swift; sourceTree = "<group>"; };
		986CCE392A69A2DC0035FCF3 /* FeedErrorViewModel.swift */ = {isa = PBXFileReference; lastKnownFileType = sourcecode.swift; path = FeedErrorViewModel.swift; sourceTree = "<group>"; };
		986CCE3B2A69A35A0035FCF3 /* FeedImageViewModel.swift */ = {isa = PBXFileReference; fileEncoding = 4; lastKnownFileType = sourcecode.swift; path = FeedImageViewModel.swift; sourceTree = "<group>"; };
		986CCE402A69A6E30035FCF3 /* FeedImageDataLoaderTask.swift */ = {isa = PBXFileReference; lastKnownFileType = sourcecode.swift; path = FeedImageDataLoaderTask.swift; sourceTree = "<group>"; };
		98B156C82A149666002E3020 /* SuperFeediOS.framework */ = {isa = PBXFileReference; explicitFileType = wrapper.framework; includeInIndex = 0; path = SuperFeediOS.framework; sourceTree = BUILT_PRODUCTS_DIR; };
		98B156CB2A149666002E3020 /* SuperFeediOS.docc */ = {isa = PBXFileReference; lastKnownFileType = folder.documentationcatalog; path = SuperFeediOS.docc; sourceTree = "<group>"; };
		98B156D12A149667002E3020 /* SuperFeediOSTests.xctest */ = {isa = PBXFileReference; explicitFileType = wrapper.cfbundle; includeInIndex = 0; path = SuperFeediOSTests.xctest; sourceTree = BUILT_PRODUCTS_DIR; };
		98B156DF2A1496EB002E3020 /* SuperFeediOS.xctestplan */ = {isa = PBXFileReference; lastKnownFileType = text; path = SuperFeediOS.xctestplan; sourceTree = "<group>"; };
		98B156E02A14BD6C002E3020 /* FeedUIIntegrationTests.swift */ = {isa = PBXFileReference; lastKnownFileType = sourcecode.swift; path = FeedUIIntegrationTests.swift; sourceTree = "<group>"; };
		98CACF582A4DE0E7001AA2B3 /* FeedImageCell+TestHelpers.swift */ = {isa = PBXFileReference; lastKnownFileType = sourcecode.swift; path = "FeedImageCell+TestHelpers.swift"; sourceTree = "<group>"; };
		98CACF5A2A4DE13A001AA2B3 /* UIButton+TestHelpers.swift */ = {isa = PBXFileReference; lastKnownFileType = sourcecode.swift; path = "UIButton+TestHelpers.swift"; sourceTree = "<group>"; };
		98CACF5E2A4DE17E001AA2B3 /* UIImage+TestHelpers.swift */ = {isa = PBXFileReference; lastKnownFileType = sourcecode.swift; path = "UIImage+TestHelpers.swift"; sourceTree = "<group>"; };
		98CACF602A4DE183001AA2B3 /* UIRefreshControl+TestHelpers.swift */ = {isa = PBXFileReference; lastKnownFileType = sourcecode.swift; path = "UIRefreshControl+TestHelpers.swift"; sourceTree = "<group>"; };
		98CACF622A4DE1CD001AA2B3 /* FeedViewController+TestHelpers.swift */ = {isa = PBXFileReference; lastKnownFileType = sourcecode.swift; path = "FeedViewController+TestHelpers.swift"; sourceTree = "<group>"; };
		98CACF662A4DE231001AA2B3 /* FeedUIIntegrationTests+Localization.swift */ = {isa = PBXFileReference; lastKnownFileType = sourcecode.swift; path = "FeedUIIntegrationTests+Localization.swift"; sourceTree = "<group>"; };
		98CACF6B2A4DE317001AA2B3 /* FeedLocalizationTests.swift */ = {isa = PBXFileReference; lastKnownFileType = sourcecode.swift; path = FeedLocalizationTests.swift; sourceTree = "<group>"; };
		98CACF752A4E0F65001AA2B3 /* MainQueueDispatchDecorator.swift */ = {isa = PBXFileReference; lastKnownFileType = sourcecode.swift; path = MainQueueDispatchDecorator.swift; sourceTree = "<group>"; };
		98CB140B2A7566790038E4AD /* FeedImageDataStore.swift */ = {isa = PBXFileReference; lastKnownFileType = sourcecode.swift; path = FeedImageDataStore.swift; sourceTree = "<group>"; };
		98CCEA4A2A7386EF00ED52C0 /* RemoteFeedImageDataLoader.swift */ = {isa = PBXFileReference; lastKnownFileType = sourcecode.swift; path = RemoteFeedImageDataLoader.swift; sourceTree = "<group>"; };
		98CCEA4C2A73B0F900ED52C0 /* LoadFeedImageDataFromRemoteUseCaseTests.swift */ = {isa = PBXFileReference; lastKnownFileType = sourcecode.swift; path = LoadFeedImageDataFromRemoteUseCaseTests.swift; sourceTree = "<group>"; };
		98D15D22296705FC0065ABC9 /* CacheFeedUseCaseTests.swift */ = {isa = PBXFileReference; lastKnownFileType = sourcecode.swift; path = CacheFeedUseCaseTests.swift; sourceTree = "<group>"; };
		98DE871E298825F90078BBD8 /* FeedStoreSpy.swift */ = {isa = PBXFileReference; lastKnownFileType = sourcecode.swift; path = FeedStoreSpy.swift; sourceTree = "<group>"; };
		98DE8720298832A60078BBD8 /* LoadFeedFromCacheUseCaseTests.swift */ = {isa = PBXFileReference; lastKnownFileType = sourcecode.swift; path = LoadFeedFromCacheUseCaseTests.swift; sourceTree = "<group>"; };
		98DE87222989542F0078BBD8 /* SharedTestHelpers.swift */ = {isa = PBXFileReference; lastKnownFileType = sourcecode.swift; path = SharedTestHelpers.swift; sourceTree = "<group>"; };
		98DE87242989545A0078BBD8 /* FeedCacheTestHelpers.swift */ = {isa = PBXFileReference; lastKnownFileType = sourcecode.swift; path = FeedCacheTestHelpers.swift; sourceTree = "<group>"; };
		98DE8726298956F10078BBD8 /* ValidateFeedCacheUseCaseTests.swift */ = {isa = PBXFileReference; lastKnownFileType = sourcecode.swift; path = ValidateFeedCacheUseCaseTests.swift; sourceTree = "<group>"; };
		98DE8728298958E00078BBD8 /* FeedCachePolicy.swift */ = {isa = PBXFileReference; lastKnownFileType = sourcecode.swift; path = FeedCachePolicy.swift; sourceTree = "<group>"; };
		98DE872B298962E80078BBD8 /* CodableFeedStoreTests.swift */ = {isa = PBXFileReference; lastKnownFileType = sourcecode.swift; path = CodableFeedStoreTests.swift; sourceTree = "<group>"; };
		98DE872D298A0AAB0078BBD8 /* CodableFeedStore.swift */ = {isa = PBXFileReference; lastKnownFileType = sourcecode.swift; path = CodableFeedStore.swift; sourceTree = "<group>"; };
		98DE8731298A30690078BBD8 /* FeedStoreSpecs.swift */ = {isa = PBXFileReference; lastKnownFileType = sourcecode.swift; path = FeedStoreSpecs.swift; sourceTree = "<group>"; };
		98DE8733298A30DB0078BBD8 /* XCTestCase+FeedStoreSpecs.swift */ = {isa = PBXFileReference; lastKnownFileType = sourcecode.swift; path = "XCTestCase+FeedStoreSpecs.swift"; sourceTree = "<group>"; };
		98DE8735298A343E0078BBD8 /* XCTestCase+FailableRetrieveFeedStoreSpecs.swift */ = {isa = PBXFileReference; lastKnownFileType = sourcecode.swift; path = "XCTestCase+FailableRetrieveFeedStoreSpecs.swift"; sourceTree = "<group>"; };
		98DE8737298A344F0078BBD8 /* XCTestCase+FailableInsertFeedStoreSpecs.swift */ = {isa = PBXFileReference; lastKnownFileType = sourcecode.swift; path = "XCTestCase+FailableInsertFeedStoreSpecs.swift"; sourceTree = "<group>"; };
		98DE8739298A345D0078BBD8 /* XCTestCase+FailableDeleteFeedStoreSpecs.swift */ = {isa = PBXFileReference; lastKnownFileType = sourcecode.swift; path = "XCTestCase+FailableDeleteFeedStoreSpecs.swift"; sourceTree = "<group>"; };
		98DE873F298A53B80078BBD8 /* FeedStore.xcdatamodel */ = {isa = PBXFileReference; lastKnownFileType = wrapper.xcdatamodel; path = FeedStore.xcdatamodel; sourceTree = "<group>"; };
		98DE8759298A58140078BBD8 /* ManagedCache.swift */ = {isa = PBXFileReference; lastKnownFileType = sourcecode.swift; path = ManagedCache.swift; sourceTree = "<group>"; };
		98DE875B298A58190078BBD8 /* ManagedFeedImage.swift */ = {isa = PBXFileReference; lastKnownFileType = sourcecode.swift; path = ManagedFeedImage.swift; sourceTree = "<group>"; };
		98DE875D298A5B240078BBD8 /* CoreDataHelpers.swift */ = {isa = PBXFileReference; lastKnownFileType = sourcecode.swift; path = CoreDataHelpers.swift; sourceTree = "<group>"; };
		98DE875F298A5C1B0078BBD8 /* CoreDataFeedStore.swift */ = {isa = PBXFileReference; lastKnownFileType = sourcecode.swift; path = CoreDataFeedStore.swift; sourceTree = "<group>"; };
		98DE8761298A5EB90078BBD8 /* CoreDataFeedStoreTests.swift */ = {isa = PBXFileReference; lastKnownFileType = sourcecode.swift; path = CoreDataFeedStoreTests.swift; sourceTree = "<group>"; };
		98DE87BD298B91DB0078BBD8 /* SuperFeedCacheIntegrationTests.xctest */ = {isa = PBXFileReference; explicitFileType = wrapper.cfbundle; includeInIndex = 0; path = SuperFeedCacheIntegrationTests.xctest; sourceTree = BUILT_PRODUCTS_DIR; };
		98DE87BF298B91DB0078BBD8 /* SuperFeedCacheIntegrationTests.swift */ = {isa = PBXFileReference; lastKnownFileType = sourcecode.swift; path = SuperFeedCacheIntegrationTests.swift; sourceTree = "<group>"; };
		98FF75E72A160730000A63D5 /* FeedViewController.swift */ = {isa = PBXFileReference; lastKnownFileType = sourcecode.swift; path = FeedViewController.swift; sourceTree = "<group>"; };
		98FF75E92A162408000A63D5 /* FeedImageCell.swift */ = {isa = PBXFileReference; lastKnownFileType = sourcecode.swift; path = FeedImageCell.swift; sourceTree = "<group>"; };
		98FF75EB2A1771D3000A63D5 /* UIView+Shimmering.swift */ = {isa = PBXFileReference; lastKnownFileType = sourcecode.swift; path = "UIView+Shimmering.swift"; sourceTree = "<group>"; };
/* End PBXFileReference section */

/* Begin PBXFrameworksBuildPhase section */
		9830AF3B293D078300BD39CE /* Frameworks */ = {
			isa = PBXFrameworksBuildPhase;
			buildActionMask = 2147483647;
			files = (
			);
			runOnlyForDeploymentPostprocessing = 0;
		};
		9830AF45293D078300BD39CE /* Frameworks */ = {
			isa = PBXFrameworksBuildPhase;
			buildActionMask = 2147483647;
			files = (
				9830AF49293D078300BD39CE /* SuperFeed.framework in Frameworks */,
			);
			runOnlyForDeploymentPostprocessing = 0;
		};
		9830AF75293D14DA00BD39CE /* Frameworks */ = {
			isa = PBXFrameworksBuildPhase;
			buildActionMask = 2147483647;
			files = (
				9830AF7C293D14DA00BD39CE /* SuperFeed.framework in Frameworks */,
			);
			runOnlyForDeploymentPostprocessing = 0;
		};
		98B156C52A149666002E3020 /* Frameworks */ = {
			isa = PBXFrameworksBuildPhase;
			buildActionMask = 2147483647;
			files = (
				98B156E82A14C045002E3020 /* SuperFeed.framework in Frameworks */,
			);
			runOnlyForDeploymentPostprocessing = 0;
		};
		98B156CE2A149666002E3020 /* Frameworks */ = {
			isa = PBXFrameworksBuildPhase;
			buildActionMask = 2147483647;
			files = (
				98B156D22A149667002E3020 /* SuperFeediOS.framework in Frameworks */,
			);
			runOnlyForDeploymentPostprocessing = 0;
		};
		98DE87BA298B91DB0078BBD8 /* Frameworks */ = {
			isa = PBXFrameworksBuildPhase;
			buildActionMask = 2147483647;
			files = (
				98DE87C1298B91DB0078BBD8 /* SuperFeed.framework in Frameworks */,
			);
			runOnlyForDeploymentPostprocessing = 0;
		};
/* End PBXFrameworksBuildPhase section */

/* Begin PBXGroup section */
		9830AF34293D078300BD39CE = {
			isa = PBXGroup;
			children = (
				98B156DF2A1496EB002E3020 /* SuperFeediOS.xctestplan */,
				9830AF40293D078300BD39CE /* SuperFeed */,
				9830AF4C293D078300BD39CE /* SuperFeedTests */,
				9830AF79293D14DA00BD39CE /* SuperFeedEndToEndTests */,
				98DE87BE298B91DB0078BBD8 /* SuperFeedCacheIntegrationTests */,
				98B156C92A149666002E3020 /* SuperFeediOS */,
				98B156D52A149667002E3020 /* SuperFeediOSTests */,
				9830AF3F293D078300BD39CE /* Products */,
				98B156E22A14C026002E3020 /* Frameworks */,
			);
			sourceTree = "<group>";
		};
		9830AF3F293D078300BD39CE /* Products */ = {
			isa = PBXGroup;
			children = (
				9830AF3E293D078300BD39CE /* SuperFeed.framework */,
				9830AF48293D078300BD39CE /* SuperFeedTests.xctest */,
				9830AF78293D14DA00BD39CE /* SuperFeedEndToEndTests.xctest */,
				98DE87BD298B91DB0078BBD8 /* SuperFeedCacheIntegrationTests.xctest */,
				98B156C82A149666002E3020 /* SuperFeediOS.framework */,
				98B156D12A149667002E3020 /* SuperFeediOSTests.xctest */,
			);
			name = Products;
			sourceTree = "<group>";
		};
		9830AF40293D078300BD39CE /* SuperFeed */ = {
			isa = PBXGroup;
			children = (
				9830AF58293D07B300BD39CE /* FeedAPI */,
				9833EBF5297651C100F4F421 /* FeedCache */,
				9830AF5D293D07B300BD39CE /* FeedFeature */,
				986CCE312A69A1D70035FCF3 /* FeedPresentation */,
				9830AF41293D078300BD39CE /* SuperFeed.h */,
				9830AF42293D078300BD39CE /* SuperFeed.docc */,
			);
			path = SuperFeed;
			sourceTree = "<group>";
		};
		9830AF4C293D078300BD39CE /* SuperFeedTests */ = {
			isa = PBXGroup;
			children = (
				9830AF6E293D07C200BD39CE /* Helpers */,
				98D15D21296705EF0065ABC9 /* FeedCache */,
				9830AF6C293D07C200BD39CE /* FeedAPI */,
				9845D9BE2A670E7400215F1B /* FeedPresentation */,
			);
			path = SuperFeedTests;
			sourceTree = "<group>";
		};
		9830AF58293D07B300BD39CE /* FeedAPI */ = {
			isa = PBXGroup;
			children = (
				9830AF59293D07B300BD39CE /* URLSessionHTTPClient.swift */,
				9830AF5A293D07B300BD39CE /* FeedItemsMapper.swift */,
				9830AF5B293D07B300BD39CE /* HTTPClient.swift */,
				9830AF5C293D07B300BD39CE /* RemoteFeedLoader.swift */,
				9833EBFC2976721000F4F421 /* RemoteFeedItem.swift */,
				986A53AC2A6F71B700EDF246 /* HTTPURLResponse+StatusCode.swift */,
				98CCEA4A2A7386EF00ED52C0 /* RemoteFeedImageDataLoader.swift */,
			);
			path = FeedAPI;
			sourceTree = "<group>";
		};
		9830AF5D293D07B300BD39CE /* FeedFeature */ = {
			isa = PBXGroup;
			children = (
				9830AF5E293D07B300BD39CE /* FeedLoader.swift */,
				9830AF5F293D07B300BD39CE /* FeedImage.swift */,
				986CCE402A69A6E30035FCF3 /* FeedImageDataLoaderTask.swift */,
			);
			path = FeedFeature;
			sourceTree = "<group>";
		};
		9830AF6C293D07C200BD39CE /* FeedAPI */ = {
			isa = PBXGroup;
			children = (
				9830AF6D293D07C200BD39CE /* LoadFeedFromRemoteUseCaseTests.swift */,
				98CCEA4C2A73B0F900ED52C0 /* LoadFeedImageDataFromRemoteUseCaseTests.swift */,
				9830AF70293D07C200BD39CE /* URLSessionHTTPClientTests.swift */,
				986A53AE2A6F737600EDF246 /* Helpers */,
			);
			path = FeedAPI;
			sourceTree = "<group>";
		};
		9830AF6E293D07C200BD39CE /* Helpers */ = {
			isa = PBXGroup;
			children = (
				9830AF6F293D07C200BD39CE /* XCTestCase+MemoryLeakTracking.swift */,
			);
			path = Helpers;
			sourceTree = "<group>";
		};
		9830AF79293D14DA00BD39CE /* SuperFeedEndToEndTests */ = {
			isa = PBXGroup;
			children = (
				9830AF7A293D14DA00BD39CE /* SuperFeedEndToEndTests.swift */,
			);
			path = SuperFeedEndToEndTests;
			sourceTree = "<group>";
		};
		9833EBF5297651C100F4F421 /* FeedCache */ = {
			isa = PBXGroup;
			children = (
				9833EBF6297651CE00F4F421 /* FeedStore.swift */,
				9833EBF8297651D200F4F421 /* LocalFeedLoader.swift */,
				9833EBFE29767DCC00F4F421 /* LocalFeedImage.swift */,
				98DE8728298958E00078BBD8 /* FeedCachePolicy.swift */,
				98CB140B2A7566790038E4AD /* FeedImageDataStore.swift */,
				98DE873B298A52570078BBD8 /* Infrastructure */,
			);
			path = FeedCache;
			sourceTree = "<group>";
		};
		9845D9BE2A670E7400215F1B /* FeedPresentation */ = {
			isa = PBXGroup;
			children = (
				9845D9BF2A670E8D00215F1B /* FeedPresenterTests.swift */,
				98CACF6B2A4DE317001AA2B3 /* FeedLocalizationTests.swift */,
			);
			path = FeedPresentation;
			sourceTree = "<group>";
		};
		984888AB2A2BB4AB005ECE69 /* Composers   */ = {
			isa = PBXGroup;
			children = (
				984888AC2A2BB4BA005ECE69 /* FeedUIComposer.swift */,
				98CACF752A4E0F65001AA2B3 /* MainQueueDispatchDecorator.swift */,
			);
			path = "Composers  ";
			sourceTree = "<group>";
		};
		984888B32A2E523D005ECE69 /* Presentation */ = {
			isa = PBXGroup;
			children = (
			);
			path = Presentation;
			sourceTree = "<group>";
		};
		984888B42A2E5249005ECE69 /* UI */ = {
			isa = PBXGroup;
			children = (
				984888AB2A2BB4AB005ECE69 /* Composers   */,
				98FF75ED2A1A9166000A63D5 /* Controllers */,
				98FF75EE2A1A916E000A63D5 /* Views */,
			);
			path = UI;
			sourceTree = "<group>";
		};
		986A53AE2A6F737600EDF246 /* Helpers */ = {
			isa = PBXGroup;
			children = (
				986A53AF2A6F737F00EDF246 /* HTTPClientSpy.swift */,
				986A53B12A6F749B00EDF246 /* URLProtocolStub.swift */,
			);
			path = Helpers;
			sourceTree = "<group>";
		};
		986CCE312A69A1D70035FCF3 /* FeedPresentation */ = {
			isa = PBXGroup;
			children = (
				986CCE322A69A1E10035FCF3 /* FeedPresenter.swift */,
				986CCE352A69A2B70035FCF3 /* FeedViewModel.swift */,
				986CCE372A69A2CD0035FCF3 /* FeedLoadingViewModel.swift */,
				986CCE392A69A2DC0035FCF3 /* FeedErrorViewModel.swift */,
				986CCE3B2A69A35A0035FCF3 /* FeedImageViewModel.swift */,
				984888BD2A2E5293005ECE69 /* FeedImagePresenter.swift */,
				986CCE2E2A69A0F00035FCF3 /* Feed.strings */,
			);
			path = FeedPresentation;
			sourceTree = "<group>";
		};
		98B156C92A149666002E3020 /* SuperFeediOS */ = {
			isa = PBXGroup;
			children = (
				984888B42A2E5249005ECE69 /* UI */,
				984888B32A2E523D005ECE69 /* Presentation */,
				98B156CB2A149666002E3020 /* SuperFeediOS.docc */,
			);
			path = SuperFeediOS;
			sourceTree = "<group>";
		};
		98B156D52A149667002E3020 /* SuperFeediOSTests */ = {
			isa = PBXGroup;
			children = (
				98CACF642A4DE1FF001AA2B3 /* FeedUI */,
			);
			path = SuperFeediOSTests;
			sourceTree = "<group>";
		};
		98B156E22A14C026002E3020 /* Frameworks */ = {
			isa = PBXGroup;
			children = (
			);
			name = Frameworks;
			sourceTree = "<group>";
		};
		98CACF642A4DE1FF001AA2B3 /* FeedUI */ = {
			isa = PBXGroup;
			children = (
				98B156E02A14BD6C002E3020 /* FeedUIIntegrationTests.swift */,
				98CACF652A4DE212001AA2B3 /* Helpers */,
			);
			path = FeedUI;
			sourceTree = "<group>";
		};
		98CACF652A4DE212001AA2B3 /* Helpers */ = {
			isa = PBXGroup;
			children = (
				98CACF622A4DE1CD001AA2B3 /* FeedViewController+TestHelpers.swift */,
				98CACF582A4DE0E7001AA2B3 /* FeedImageCell+TestHelpers.swift */,
				98CACF5A2A4DE13A001AA2B3 /* UIButton+TestHelpers.swift */,
				98CACF5E2A4DE17E001AA2B3 /* UIImage+TestHelpers.swift */,
				98CACF602A4DE183001AA2B3 /* UIRefreshControl+TestHelpers.swift */,
				98CACF662A4DE231001AA2B3 /* FeedUIIntegrationTests+Localization.swift */,
			);
			path = Helpers;
			sourceTree = "<group>";
		};
		98D15D21296705EF0065ABC9 /* FeedCache */ = {
			isa = PBXGroup;
			children = (
				98DE871D298825E00078BBD8 /* Helpers */,
				98D15D22296705FC0065ABC9 /* CacheFeedUseCaseTests.swift */,
				98DE8720298832A60078BBD8 /* LoadFeedFromCacheUseCaseTests.swift */,
				98DE8726298956F10078BBD8 /* ValidateFeedCacheUseCaseTests.swift */,
				98DE872B298962E80078BBD8 /* CodableFeedStoreTests.swift */,
				98DE8761298A5EB90078BBD8 /* CoreDataFeedStoreTests.swift */,
				98DE8731298A30690078BBD8 /* FeedStoreSpecs.swift */,
			);
			path = FeedCache;
			sourceTree = "<group>";
		};
		98DE871D298825E00078BBD8 /* Helpers */ = {
			isa = PBXGroup;
			children = (
				98DE871E298825F90078BBD8 /* FeedStoreSpy.swift */,
				98DE87222989542F0078BBD8 /* SharedTestHelpers.swift */,
				98DE87242989545A0078BBD8 /* FeedCacheTestHelpers.swift */,
				98DE8733298A30DB0078BBD8 /* XCTestCase+FeedStoreSpecs.swift */,
				98DE8737298A344F0078BBD8 /* XCTestCase+FailableInsertFeedStoreSpecs.swift */,
				98DE8735298A343E0078BBD8 /* XCTestCase+FailableRetrieveFeedStoreSpecs.swift */,
				98DE8739298A345D0078BBD8 /* XCTestCase+FailableDeleteFeedStoreSpecs.swift */,
			);
			path = Helpers;
			sourceTree = "<group>";
		};
		98DE873B298A52570078BBD8 /* Infrastructure */ = {
			isa = PBXGroup;
			children = (
				98DE873D298A533C0078BBD8 /* CoreData */,
				98DE873C298A53370078BBD8 /* Codable */,
			);
			path = Infrastructure;
			sourceTree = "<group>";
		};
		98DE873C298A53370078BBD8 /* Codable */ = {
			isa = PBXGroup;
			children = (
				98DE872D298A0AAB0078BBD8 /* CodableFeedStore.swift */,
			);
			path = Codable;
			sourceTree = "<group>";
		};
		98DE873D298A533C0078BBD8 /* CoreData */ = {
			isa = PBXGroup;
			children = (
				98DE873E298A53B80078BBD8 /* FeedStore.xcdatamodeld */,
				98DE8759298A58140078BBD8 /* ManagedCache.swift */,
				98DE875B298A58190078BBD8 /* ManagedFeedImage.swift */,
				98DE875D298A5B240078BBD8 /* CoreDataHelpers.swift */,
				98DE875F298A5C1B0078BBD8 /* CoreDataFeedStore.swift */,
			);
			path = CoreData;
			sourceTree = "<group>";
		};
		98DE87BE298B91DB0078BBD8 /* SuperFeedCacheIntegrationTests */ = {
			isa = PBXGroup;
			children = (
				98DE87BF298B91DB0078BBD8 /* SuperFeedCacheIntegrationTests.swift */,
			);
			path = SuperFeedCacheIntegrationTests;
			sourceTree = "<group>";
		};
		98FF75ED2A1A9166000A63D5 /* Controllers */ = {
			isa = PBXGroup;
			children = (
				98FF75E72A160730000A63D5 /* FeedViewController.swift */,
				984888A92A2BAD95005ECE69 /* FeedImageCellController.swift */,
			);
			path = Controllers;
			sourceTree = "<group>";
		};
		98FF75EE2A1A916E000A63D5 /* Views */ = {
			isa = PBXGroup;
			children = (
				98FF75E92A162408000A63D5 /* FeedImageCell.swift */,
				98FF75EB2A1771D3000A63D5 /* UIView+Shimmering.swift */,
				983EBEA92A4CC8CB000EBB21 /* UITableView+Dequeueing.swift */,
				983EBEAB2A4CC994000EBB21 /* UIImageView+Animations.swift */,
				983EBEA52A4CB11D000EBB21 /* Feed.storyboard */,
				983EBEA72A4CB192000EBB21 /* Feed.xcassets */,
			);
			path = Views;
			sourceTree = "<group>";
		};
/* End PBXGroup section */

/* Begin PBXHeadersBuildPhase section */
		9830AF39293D078300BD39CE /* Headers */ = {
			isa = PBXHeadersBuildPhase;
			buildActionMask = 2147483647;
			files = (
				9830AF4F293D078300BD39CE /* SuperFeed.h in Headers */,
			);
			runOnlyForDeploymentPostprocessing = 0;
		};
		98B156C32A149666002E3020 /* Headers */ = {
			isa = PBXHeadersBuildPhase;
			buildActionMask = 2147483647;
			files = (
			);
			runOnlyForDeploymentPostprocessing = 0;
		};
/* End PBXHeadersBuildPhase section */

/* Begin PBXNativeTarget section */
		9830AF3D293D078300BD39CE /* SuperFeed */ = {
			isa = PBXNativeTarget;
			buildConfigurationList = 9830AF52293D078300BD39CE /* Build configuration list for PBXNativeTarget "SuperFeed" */;
			buildPhases = (
				9830AF39293D078300BD39CE /* Headers */,
				9830AF3A293D078300BD39CE /* Sources */,
				9830AF3B293D078300BD39CE /* Frameworks */,
				9830AF3C293D078300BD39CE /* Resources */,
			);
			buildRules = (
			);
			dependencies = (
			);
			name = SuperFeed;
			productName = SuperFeed;
			productReference = 9830AF3E293D078300BD39CE /* SuperFeed.framework */;
			productType = "com.apple.product-type.framework";
		};
		9830AF47293D078300BD39CE /* SuperFeedTests */ = {
			isa = PBXNativeTarget;
			buildConfigurationList = 9830AF55293D078300BD39CE /* Build configuration list for PBXNativeTarget "SuperFeedTests" */;
			buildPhases = (
				9830AF44293D078300BD39CE /* Sources */,
				9830AF45293D078300BD39CE /* Frameworks */,
				9830AF46293D078300BD39CE /* Resources */,
			);
			buildRules = (
			);
			dependencies = (
				9830AF4B293D078300BD39CE /* PBXTargetDependency */,
			);
			name = SuperFeedTests;
			productName = SuperFeedTests;
			productReference = 9830AF48293D078300BD39CE /* SuperFeedTests.xctest */;
			productType = "com.apple.product-type.bundle.unit-test";
		};
		9830AF77293D14DA00BD39CE /* SuperFeedEndToEndTests */ = {
			isa = PBXNativeTarget;
			buildConfigurationList = 9830AF7F293D14DA00BD39CE /* Build configuration list for PBXNativeTarget "SuperFeedEndToEndTests" */;
			buildPhases = (
				9830AF74293D14DA00BD39CE /* Sources */,
				9830AF75293D14DA00BD39CE /* Frameworks */,
				9830AF76293D14DA00BD39CE /* Resources */,
			);
			buildRules = (
			);
			dependencies = (
				9830AF7E293D14DA00BD39CE /* PBXTargetDependency */,
			);
			name = SuperFeedEndToEndTests;
			productName = SuperFeedEndToEndTests;
			productReference = 9830AF78293D14DA00BD39CE /* SuperFeedEndToEndTests.xctest */;
			productType = "com.apple.product-type.bundle.unit-test";
		};
		98B156C72A149666002E3020 /* SuperFeediOS */ = {
			isa = PBXNativeTarget;
			buildConfigurationList = 98B156D92A149667002E3020 /* Build configuration list for PBXNativeTarget "SuperFeediOS" */;
			buildPhases = (
				98B156C32A149666002E3020 /* Headers */,
				98B156C42A149666002E3020 /* Sources */,
				98B156C52A149666002E3020 /* Frameworks */,
				98B156C62A149666002E3020 /* Resources */,
			);
			buildRules = (
			);
			dependencies = (
				98B156EB2A14C045002E3020 /* PBXTargetDependency */,
			);
			name = SuperFeediOS;
			productName = SuperFeediOS;
			productReference = 98B156C82A149666002E3020 /* SuperFeediOS.framework */;
			productType = "com.apple.product-type.framework";
		};
		98B156D02A149666002E3020 /* SuperFeediOSTests */ = {
			isa = PBXNativeTarget;
			buildConfigurationList = 98B156DC2A149667002E3020 /* Build configuration list for PBXNativeTarget "SuperFeediOSTests" */;
			buildPhases = (
				98B156CD2A149666002E3020 /* Sources */,
				98B156CE2A149666002E3020 /* Frameworks */,
				98B156CF2A149666002E3020 /* Resources */,
			);
			buildRules = (
			);
			dependencies = (
				98B156D42A149667002E3020 /* PBXTargetDependency */,
			);
			name = SuperFeediOSTests;
			productName = SuperFeediOSTests;
			productReference = 98B156D12A149667002E3020 /* SuperFeediOSTests.xctest */;
			productType = "com.apple.product-type.bundle.unit-test";
		};
		98DE87BC298B91DB0078BBD8 /* SuperFeedCacheIntegrationTests */ = {
			isa = PBXNativeTarget;
			buildConfigurationList = 98DE87C4298B91DB0078BBD8 /* Build configuration list for PBXNativeTarget "SuperFeedCacheIntegrationTests" */;
			buildPhases = (
				98DE87B9298B91DB0078BBD8 /* Sources */,
				98DE87BA298B91DB0078BBD8 /* Frameworks */,
				98DE87BB298B91DB0078BBD8 /* Resources */,
			);
			buildRules = (
			);
			dependencies = (
				98DE87C3298B91DB0078BBD8 /* PBXTargetDependency */,
			);
			name = SuperFeedCacheIntegrationTests;
			productName = SuperFeedCacheIntegrationTests;
			productReference = 98DE87BD298B91DB0078BBD8 /* SuperFeedCacheIntegrationTests.xctest */;
			productType = "com.apple.product-type.bundle.unit-test";
		};
/* End PBXNativeTarget section */

/* Begin PBXProject section */
		9830AF35293D078300BD39CE /* Project object */ = {
			isa = PBXProject;
			attributes = {
				BuildIndependentTargetsInParallel = 1;
				LastSwiftUpdateCheck = 1430;
				LastUpgradeCheck = 1420;
				TargetAttributes = {
					9830AF3D293D078300BD39CE = {
						CreatedOnToolsVersion = 14.1;
					};
					9830AF47293D078300BD39CE = {
						CreatedOnToolsVersion = 14.1;
					};
					9830AF77293D14DA00BD39CE = {
						CreatedOnToolsVersion = 14.1;
					};
					98B156C72A149666002E3020 = {
						CreatedOnToolsVersion = 14.3;
					};
					98B156D02A149666002E3020 = {
						CreatedOnToolsVersion = 14.3;
						LastSwiftMigration = 1430;
					};
					98DE87BC298B91DB0078BBD8 = {
						CreatedOnToolsVersion = 14.2;
					};
				};
			};
			buildConfigurationList = 9830AF38293D078300BD39CE /* Build configuration list for PBXProject "SuperFeed" */;
			compatibilityVersion = "Xcode 14.0";
			developmentRegion = en;
			hasScannedForEncodings = 0;
			knownRegions = (
				en,
				Base,
				ja,
				th,
			);
			mainGroup = 9830AF34293D078300BD39CE;
			productRefGroup = 9830AF3F293D078300BD39CE /* Products */;
			projectDirPath = "";
			projectRoot = "";
			targets = (
				9830AF3D293D078300BD39CE /* SuperFeed */,
				9830AF47293D078300BD39CE /* SuperFeedTests */,
				9830AF77293D14DA00BD39CE /* SuperFeedEndToEndTests */,
				98DE87BC298B91DB0078BBD8 /* SuperFeedCacheIntegrationTests */,
				98B156C72A149666002E3020 /* SuperFeediOS */,
				98B156D02A149666002E3020 /* SuperFeediOSTests */,
			);
		};
/* End PBXProject section */

/* Begin PBXResourcesBuildPhase section */
		9830AF3C293D078300BD39CE /* Resources */ = {
			isa = PBXResourcesBuildPhase;
			buildActionMask = 2147483647;
			files = (
				986CCE342A69A2810035FCF3 /* Feed.strings in Resources */,
			);
			runOnlyForDeploymentPostprocessing = 0;
		};
		9830AF46293D078300BD39CE /* Resources */ = {
			isa = PBXResourcesBuildPhase;
			buildActionMask = 2147483647;
			files = (
			);
			runOnlyForDeploymentPostprocessing = 0;
		};
		9830AF76293D14DA00BD39CE /* Resources */ = {
			isa = PBXResourcesBuildPhase;
			buildActionMask = 2147483647;
			files = (
			);
			runOnlyForDeploymentPostprocessing = 0;
		};
		98B156C62A149666002E3020 /* Resources */ = {
			isa = PBXResourcesBuildPhase;
			buildActionMask = 2147483647;
			files = (
				983EBEA62A4CB11D000EBB21 /* Feed.storyboard in Resources */,
				983EBEA82A4CB192000EBB21 /* Feed.xcassets in Resources */,
			);
			runOnlyForDeploymentPostprocessing = 0;
		};
		98B156CF2A149666002E3020 /* Resources */ = {
			isa = PBXResourcesBuildPhase;
			buildActionMask = 2147483647;
			files = (
			);
			runOnlyForDeploymentPostprocessing = 0;
		};
		98DE87BB298B91DB0078BBD8 /* Resources */ = {
			isa = PBXResourcesBuildPhase;
			buildActionMask = 2147483647;
			files = (
			);
			runOnlyForDeploymentPostprocessing = 0;
		};
/* End PBXResourcesBuildPhase section */

/* Begin PBXSourcesBuildPhase section */
		9830AF3A293D078300BD39CE /* Sources */ = {
			isa = PBXSourcesBuildPhase;
			buildActionMask = 2147483647;
			files = (
				98DE875A298A58140078BBD8 /* ManagedCache.swift in Sources */,
				9830AF68293D07B300BD39CE /* FeedLoader.swift in Sources */,
				9830AF62293D07B300BD39CE /* FeedItemsMapper.swift in Sources */,
				986CCE3A2A69A2DC0035FCF3 /* FeedErrorViewModel.swift in Sources */,
				9830AF43293D078300BD39CE /* SuperFeed.docc in Sources */,
				98CB140C2A7566790038E4AD /* FeedImageDataStore.swift in Sources */,
				9833EBF9297651D200F4F421 /* LocalFeedLoader.swift in Sources */,
				98DE875C298A58190078BBD8 /* ManagedFeedImage.swift in Sources */,
				986CCE412A69A6E30035FCF3 /* FeedImageDataLoaderTask.swift in Sources */,
				98DE8760298A5C1B0078BBD8 /* CoreDataFeedStore.swift in Sources */,
				98CCEA4B2A7386EF00ED52C0 /* RemoteFeedImageDataLoader.swift in Sources */,
				986CCE382A69A2CD0035FCF3 /* FeedLoadingViewModel.swift in Sources */,
				9833EBF7297651CE00F4F421 /* FeedStore.swift in Sources */,
				986CCE3F2A69A6490035FCF3 /* FeedImagePresenter.swift in Sources */,
				98DE875E298A5B240078BBD8 /* CoreDataHelpers.swift in Sources */,
				98DE8740298A53B80078BBD8 /* FeedStore.xcdatamodeld in Sources */,
				986CCE362A69A2B70035FCF3 /* FeedViewModel.swift in Sources */,
				9830AF64293D07B300BD39CE /* HTTPClient.swift in Sources */,
				986A53AD2A6F71B700EDF246 /* HTTPURLResponse+StatusCode.swift in Sources */,
				9833EBFD2976721000F4F421 /* RemoteFeedItem.swift in Sources */,
				9833EBFF29767DCC00F4F421 /* LocalFeedImage.swift in Sources */,
				98DE872E298A0AAB0078BBD8 /* CodableFeedStore.swift in Sources */,
				986CCE332A69A1E10035FCF3 /* FeedPresenter.swift in Sources */,
				98DE8729298958E00078BBD8 /* FeedCachePolicy.swift in Sources */,
				986CCE3E2A69A6490035FCF3 /* FeedImageViewModel.swift in Sources */,
				9830AF66293D07B300BD39CE /* RemoteFeedLoader.swift in Sources */,
				9830AF6A293D07B300BD39CE /* FeedImage.swift in Sources */,
				9830AF60293D07B300BD39CE /* URLSessionHTTPClient.swift in Sources */,
			);
			runOnlyForDeploymentPostprocessing = 0;
		};
		9830AF44293D078300BD39CE /* Sources */ = {
			isa = PBXSourcesBuildPhase;
			buildActionMask = 2147483647;
			files = (
				98DE8784298A656D0078BBD8 /* ValidateFeedCacheUseCaseTests.swift in Sources */,
				98CCEA4D2A73B0F900ED52C0 /* LoadFeedImageDataFromRemoteUseCaseTests.swift in Sources */,
				98DE8786298A65700078BBD8 /* URLSessionHTTPClientTests.swift in Sources */,
				986CCE3D2A69A4C80035FCF3 /* FeedLocalizationTests.swift in Sources */,
				98DE8788298A658D0078BBD8 /* XCTestCase+FailableDeleteFeedStoreSpecs.swift in Sources */,
				98DE8782298A656D0078BBD8 /* CodableFeedStoreTests.swift in Sources */,
				98DE878B298A658D0078BBD8 /* FeedStoreSpy.swift in Sources */,
				98DE8789298A658D0078BBD8 /* FeedCacheTestHelpers.swift in Sources */,
				9845D9C02A670E8D00215F1B /* FeedPresenterTests.swift in Sources */,
				98DE8787298A658D0078BBD8 /* XCTestCase+FeedStoreSpecs.swift in Sources */,
				986A53B32A6F76CB00EDF246 /* HTTPClientSpy.swift in Sources */,
				98DE878C298A658D0078BBD8 /* XCTestCase+FailableRetrieveFeedStoreSpecs.swift in Sources */,
				98DE877F298A656D0078BBD8 /* CoreDataFeedStoreTests.swift in Sources */,
				98DE878A298A658D0078BBD8 /* XCTestCase+FailableInsertFeedStoreSpecs.swift in Sources */,
				98DE8783298A656D0078BBD8 /* CacheFeedUseCaseTests.swift in Sources */,
				98DE8780298A656D0078BBD8 /* FeedStoreSpecs.swift in Sources */,
				98DE878D298A658D0078BBD8 /* SharedTestHelpers.swift in Sources */,
				98DE8781298A656D0078BBD8 /* LoadFeedFromCacheUseCaseTests.swift in Sources */,
				98DE877E298A656A0078BBD8 /* XCTestCase+MemoryLeakTracking.swift in Sources */,
				98DE8785298A65700078BBD8 /* LoadFeedFromRemoteUseCaseTests.swift in Sources */,
				986A53B22A6F749B00EDF246 /* URLProtocolStub.swift in Sources */,
			);
			runOnlyForDeploymentPostprocessing = 0;
		};
		9830AF74293D14DA00BD39CE /* Sources */ = {
			isa = PBXSourcesBuildPhase;
			buildActionMask = 2147483647;
			files = (
				98DE87CA298B98D40078BBD8 /* SharedTestHelpers.swift in Sources */,
				9830AF7B293D14DA00BD39CE /* SuperFeedEndToEndTests.swift in Sources */,
				98DE87C8298B98A30078BBD8 /* FeedCacheTestHelpers.swift in Sources */,
				9830AF82293D157400BD39CE /* XCTestCase+MemoryLeakTracking.swift in Sources */,
			);
			runOnlyForDeploymentPostprocessing = 0;
		};
		98B156C42A149666002E3020 /* Sources */ = {
			isa = PBXSourcesBuildPhase;
			buildActionMask = 2147483647;
			files = (
				98FF75E82A160730000A63D5 /* FeedViewController.swift in Sources */,
				98FF75EC2A1771D3000A63D5 /* UIView+Shimmering.swift in Sources */,
				983EBEAA2A4CC8CB000EBB21 /* UITableView+Dequeueing.swift in Sources */,
				98FF75EA2A162408000A63D5 /* FeedImageCell.swift in Sources */,
				98B156CC2A149666002E3020 /* SuperFeediOS.docc in Sources */,
				983EBEAC2A4CC994000EBB21 /* UIImageView+Animations.swift in Sources */,
				98CACF762A4E0F65001AA2B3 /* MainQueueDispatchDecorator.swift in Sources */,
				984888AA2A2BAD96005ECE69 /* FeedImageCellController.swift in Sources */,
				984888AD2A2BB4BA005ECE69 /* FeedUIComposer.swift in Sources */,
			);
			runOnlyForDeploymentPostprocessing = 0;
		};
		98B156CD2A149666002E3020 /* Sources */ = {
			isa = PBXSourcesBuildPhase;
			buildActionMask = 2147483647;
			files = (
				98B156E12A14BD6C002E3020 /* FeedUIIntegrationTests.swift in Sources */,
				98CACF672A4DE231001AA2B3 /* FeedUIIntegrationTests+Localization.swift in Sources */,
				98CACF612A4DE183001AA2B3 /* UIRefreshControl+TestHelpers.swift in Sources */,
				98CACF5B2A4DE13A001AA2B3 /* UIButton+TestHelpers.swift in Sources */,
				98CACF592A4DE0E7001AA2B3 /* FeedImageCell+TestHelpers.swift in Sources */,
				98CACF632A4DE1CD001AA2B3 /* FeedViewController+TestHelpers.swift in Sources */,
				98CACF5F2A4DE17E001AA2B3 /* UIImage+TestHelpers.swift in Sources */,
				98B156ED2A1550DC002E3020 /* XCTestCase+MemoryLeakTracking.swift in Sources */,
			);
			runOnlyForDeploymentPostprocessing = 0;
		};
		98DE87B9298B91DB0078BBD8 /* Sources */ = {
			isa = PBXSourcesBuildPhase;
			buildActionMask = 2147483647;
			files = (
				98DE87CB298B98D40078BBD8 /* SharedTestHelpers.swift in Sources */,
				98DE87C7298B98A30078BBD8 /* FeedCacheTestHelpers.swift in Sources */,
				98DE87C0298B91DB0078BBD8 /* SuperFeedCacheIntegrationTests.swift in Sources */,
				98DE87C9298B98AF0078BBD8 /* XCTestCase+MemoryLeakTracking.swift in Sources */,
			);
			runOnlyForDeploymentPostprocessing = 0;
		};
/* End PBXSourcesBuildPhase section */

/* Begin PBXTargetDependency section */
		9830AF4B293D078300BD39CE /* PBXTargetDependency */ = {
			isa = PBXTargetDependency;
			target = 9830AF3D293D078300BD39CE /* SuperFeed */;
			targetProxy = 9830AF4A293D078300BD39CE /* PBXContainerItemProxy */;
		};
		9830AF7E293D14DA00BD39CE /* PBXTargetDependency */ = {
			isa = PBXTargetDependency;
			target = 9830AF3D293D078300BD39CE /* SuperFeed */;
			targetProxy = 9830AF7D293D14DA00BD39CE /* PBXContainerItemProxy */;
		};
		98B156D42A149667002E3020 /* PBXTargetDependency */ = {
			isa = PBXTargetDependency;
			target = 98B156C72A149666002E3020 /* SuperFeediOS */;
			targetProxy = 98B156D32A149667002E3020 /* PBXContainerItemProxy */;
		};
		98B156EB2A14C045002E3020 /* PBXTargetDependency */ = {
			isa = PBXTargetDependency;
			platformFilter = ios;
			target = 9830AF3D293D078300BD39CE /* SuperFeed */;
			targetProxy = 98B156EA2A14C045002E3020 /* PBXContainerItemProxy */;
		};
		98DE87C3298B91DB0078BBD8 /* PBXTargetDependency */ = {
			isa = PBXTargetDependency;
			target = 9830AF3D293D078300BD39CE /* SuperFeed */;
			targetProxy = 98DE87C2298B91DB0078BBD8 /* PBXContainerItemProxy */;
		};
/* End PBXTargetDependency section */

/* Begin PBXVariantGroup section */
		986CCE2E2A69A0F00035FCF3 /* Feed.strings */ = {
			isa = PBXVariantGroup;
			children = (
				986CCE2D2A69A0F00035FCF3 /* en */,
				986CCE2F2A69A0FA0035FCF3 /* ja */,
				986CCE302A69A0FA0035FCF3 /* th */,
			);
			name = Feed.strings;
			sourceTree = "<group>";
		};
/* End PBXVariantGroup section */

/* Begin XCBuildConfiguration section */
		9830AF50293D078300BD39CE /* Debug */ = {
			isa = XCBuildConfiguration;
			buildSettings = {
				ALWAYS_SEARCH_USER_PATHS = NO;
				CLANG_ANALYZER_LOCALIZABILITY_NONLOCALIZED = YES;
				CLANG_ANALYZER_NONNULL = YES;
				CLANG_ANALYZER_NUMBER_OBJECT_CONVERSION = YES_AGGRESSIVE;
				CLANG_CXX_LANGUAGE_STANDARD = "gnu++20";
				CLANG_ENABLE_MODULES = YES;
				CLANG_ENABLE_OBJC_ARC = YES;
				CLANG_ENABLE_OBJC_WEAK = YES;
				CLANG_WARN_BLOCK_CAPTURE_AUTORELEASING = YES;
				CLANG_WARN_BOOL_CONVERSION = YES;
				CLANG_WARN_COMMA = YES;
				CLANG_WARN_CONSTANT_CONVERSION = YES;
				CLANG_WARN_DEPRECATED_OBJC_IMPLEMENTATIONS = YES;
				CLANG_WARN_DIRECT_OBJC_ISA_USAGE = YES_ERROR;
				CLANG_WARN_DOCUMENTATION_COMMENTS = YES;
				CLANG_WARN_EMPTY_BODY = YES;
				CLANG_WARN_ENUM_CONVERSION = YES;
				CLANG_WARN_INFINITE_RECURSION = YES;
				CLANG_WARN_INT_CONVERSION = YES;
				CLANG_WARN_NON_LITERAL_NULL_CONVERSION = YES;
				CLANG_WARN_OBJC_IMPLICIT_RETAIN_SELF = YES;
				CLANG_WARN_OBJC_LITERAL_CONVERSION = YES;
				CLANG_WARN_OBJC_ROOT_CLASS = YES_ERROR;
				CLANG_WARN_QUOTED_INCLUDE_IN_FRAMEWORK_HEADER = YES;
				CLANG_WARN_RANGE_LOOP_ANALYSIS = YES;
				CLANG_WARN_STRICT_PROTOTYPES = YES;
				CLANG_WARN_SUSPICIOUS_MOVE = YES;
				CLANG_WARN_UNGUARDED_AVAILABILITY = YES_AGGRESSIVE;
				CLANG_WARN_UNREACHABLE_CODE = YES;
				CLANG_WARN__DUPLICATE_METHOD_MATCH = YES;
				COPY_PHASE_STRIP = NO;
				CURRENT_PROJECT_VERSION = 1;
				DEAD_CODE_STRIPPING = YES;
				DEBUG_INFORMATION_FORMAT = dwarf;
				ENABLE_STRICT_OBJC_MSGSEND = YES;
				ENABLE_TESTABILITY = YES;
				GCC_C_LANGUAGE_STANDARD = gnu11;
				GCC_DYNAMIC_NO_PIC = NO;
				GCC_NO_COMMON_BLOCKS = YES;
				GCC_OPTIMIZATION_LEVEL = 0;
				GCC_PREPROCESSOR_DEFINITIONS = (
					"DEBUG=1",
					"$(inherited)",
				);
				GCC_WARN_64_TO_32_BIT_CONVERSION = YES;
				GCC_WARN_ABOUT_RETURN_TYPE = YES_ERROR;
				GCC_WARN_UNDECLARED_SELECTOR = YES;
				GCC_WARN_UNINITIALIZED_AUTOS = YES_AGGRESSIVE;
				GCC_WARN_UNUSED_FUNCTION = YES;
				GCC_WARN_UNUSED_VARIABLE = YES;
				MACOSX_DEPLOYMENT_TARGET = 13.0;
				MTL_ENABLE_DEBUG_INFO = INCLUDE_SOURCE;
				MTL_FAST_MATH = YES;
				ONLY_ACTIVE_ARCH = YES;
				SDKROOT = macosx;
				SWIFT_ACTIVE_COMPILATION_CONDITIONS = DEBUG;
				SWIFT_OPTIMIZATION_LEVEL = "-Onone";
				VERSIONING_SYSTEM = "apple-generic";
				VERSION_INFO_PREFIX = "";
			};
			name = Debug;
		};
		9830AF51293D078300BD39CE /* Release */ = {
			isa = XCBuildConfiguration;
			buildSettings = {
				ALWAYS_SEARCH_USER_PATHS = NO;
				CLANG_ANALYZER_LOCALIZABILITY_NONLOCALIZED = YES;
				CLANG_ANALYZER_NONNULL = YES;
				CLANG_ANALYZER_NUMBER_OBJECT_CONVERSION = YES_AGGRESSIVE;
				CLANG_CXX_LANGUAGE_STANDARD = "gnu++20";
				CLANG_ENABLE_MODULES = YES;
				CLANG_ENABLE_OBJC_ARC = YES;
				CLANG_ENABLE_OBJC_WEAK = YES;
				CLANG_WARN_BLOCK_CAPTURE_AUTORELEASING = YES;
				CLANG_WARN_BOOL_CONVERSION = YES;
				CLANG_WARN_COMMA = YES;
				CLANG_WARN_CONSTANT_CONVERSION = YES;
				CLANG_WARN_DEPRECATED_OBJC_IMPLEMENTATIONS = YES;
				CLANG_WARN_DIRECT_OBJC_ISA_USAGE = YES_ERROR;
				CLANG_WARN_DOCUMENTATION_COMMENTS = YES;
				CLANG_WARN_EMPTY_BODY = YES;
				CLANG_WARN_ENUM_CONVERSION = YES;
				CLANG_WARN_INFINITE_RECURSION = YES;
				CLANG_WARN_INT_CONVERSION = YES;
				CLANG_WARN_NON_LITERAL_NULL_CONVERSION = YES;
				CLANG_WARN_OBJC_IMPLICIT_RETAIN_SELF = YES;
				CLANG_WARN_OBJC_LITERAL_CONVERSION = YES;
				CLANG_WARN_OBJC_ROOT_CLASS = YES_ERROR;
				CLANG_WARN_QUOTED_INCLUDE_IN_FRAMEWORK_HEADER = YES;
				CLANG_WARN_RANGE_LOOP_ANALYSIS = YES;
				CLANG_WARN_STRICT_PROTOTYPES = YES;
				CLANG_WARN_SUSPICIOUS_MOVE = YES;
				CLANG_WARN_UNGUARDED_AVAILABILITY = YES_AGGRESSIVE;
				CLANG_WARN_UNREACHABLE_CODE = YES;
				CLANG_WARN__DUPLICATE_METHOD_MATCH = YES;
				COPY_PHASE_STRIP = NO;
				CURRENT_PROJECT_VERSION = 1;
				DEAD_CODE_STRIPPING = YES;
				DEBUG_INFORMATION_FORMAT = "dwarf-with-dsym";
				ENABLE_NS_ASSERTIONS = NO;
				ENABLE_STRICT_OBJC_MSGSEND = YES;
				GCC_C_LANGUAGE_STANDARD = gnu11;
				GCC_NO_COMMON_BLOCKS = YES;
				GCC_WARN_64_TO_32_BIT_CONVERSION = YES;
				GCC_WARN_ABOUT_RETURN_TYPE = YES_ERROR;
				GCC_WARN_UNDECLARED_SELECTOR = YES;
				GCC_WARN_UNINITIALIZED_AUTOS = YES_AGGRESSIVE;
				GCC_WARN_UNUSED_FUNCTION = YES;
				GCC_WARN_UNUSED_VARIABLE = YES;
				MACOSX_DEPLOYMENT_TARGET = 13.0;
				MTL_ENABLE_DEBUG_INFO = NO;
				MTL_FAST_MATH = YES;
				SDKROOT = macosx;
				SWIFT_COMPILATION_MODE = wholemodule;
				SWIFT_OPTIMIZATION_LEVEL = "-O";
				VERSIONING_SYSTEM = "apple-generic";
				VERSION_INFO_PREFIX = "";
			};
			name = Release;
		};
		9830AF53293D078300BD39CE /* Debug */ = {
			isa = XCBuildConfiguration;
			buildSettings = {
				CODE_SIGN_STYLE = Automatic;
				COMBINE_HIDPI_IMAGES = YES;
				CURRENT_PROJECT_VERSION = 1;
				DEAD_CODE_STRIPPING = YES;
				DEFINES_MODULE = YES;
				DEVELOPMENT_TEAM = 27A5C3B7M4;
				DYLIB_COMPATIBILITY_VERSION = 1;
				DYLIB_CURRENT_VERSION = 1;
				DYLIB_INSTALL_NAME_BASE = "@rpath";
				GENERATE_INFOPLIST_FILE = YES;
				INFOPLIST_KEY_NSHumanReadableCopyright = "";
				INSTALL_PATH = "$(LOCAL_LIBRARY_DIR)/Frameworks";
				LD_RUNPATH_SEARCH_PATHS = (
					"$(inherited)",
					"@executable_path/../Frameworks",
					"@loader_path/Frameworks",
				);
				MACOSX_DEPLOYMENT_TARGET = 12.0;
				MARKETING_VERSION = 1.0;
				PRODUCT_BUNDLE_IDENTIFIER = dev.yossa.SuperFeed;
				PRODUCT_NAME = "$(TARGET_NAME:c99extidentifier)";
				SKIP_INSTALL = YES;
				SUPPORTED_PLATFORMS = "macosx iphoneos iphonesimulator";
				SWIFT_EMIT_LOC_STRINGS = YES;
				SWIFT_VERSION = 5.0;
			};
			name = Debug;
		};
		9830AF54293D078300BD39CE /* Release */ = {
			isa = XCBuildConfiguration;
			buildSettings = {
				CODE_SIGN_STYLE = Automatic;
				COMBINE_HIDPI_IMAGES = YES;
				CURRENT_PROJECT_VERSION = 1;
				DEAD_CODE_STRIPPING = YES;
				DEFINES_MODULE = YES;
				DEVELOPMENT_TEAM = 27A5C3B7M4;
				DYLIB_COMPATIBILITY_VERSION = 1;
				DYLIB_CURRENT_VERSION = 1;
				DYLIB_INSTALL_NAME_BASE = "@rpath";
				GENERATE_INFOPLIST_FILE = YES;
				INFOPLIST_KEY_NSHumanReadableCopyright = "";
				INSTALL_PATH = "$(LOCAL_LIBRARY_DIR)/Frameworks";
				LD_RUNPATH_SEARCH_PATHS = (
					"$(inherited)",
					"@executable_path/../Frameworks",
					"@loader_path/Frameworks",
				);
				MACOSX_DEPLOYMENT_TARGET = 12.0;
				MARKETING_VERSION = 1.0;
				PRODUCT_BUNDLE_IDENTIFIER = dev.yossa.SuperFeed;
				PRODUCT_NAME = "$(TARGET_NAME:c99extidentifier)";
				SKIP_INSTALL = YES;
				SUPPORTED_PLATFORMS = "macosx iphoneos iphonesimulator";
				SWIFT_EMIT_LOC_STRINGS = YES;
				SWIFT_VERSION = 5.0;
			};
			name = Release;
		};
		9830AF56293D078300BD39CE /* Debug */ = {
			isa = XCBuildConfiguration;
			buildSettings = {
				ALWAYS_EMBED_SWIFT_STANDARD_LIBRARIES = YES;
				CODE_SIGN_STYLE = Automatic;
				CURRENT_PROJECT_VERSION = 1;
				DEAD_CODE_STRIPPING = YES;
				DEVELOPMENT_TEAM = 27A5C3B7M4;
				GENERATE_INFOPLIST_FILE = YES;
				MACOSX_DEPLOYMENT_TARGET = 12.0;
				MARKETING_VERSION = 1.0;
				PRODUCT_BUNDLE_IDENTIFIER = dev.yossa.SuperFeedTests;
				PRODUCT_NAME = "$(TARGET_NAME)";
				SUPPORTED_PLATFORMS = "macosx iphonesimulator iphoneos";
				SWIFT_EMIT_LOC_STRINGS = NO;
				SWIFT_VERSION = 5.0;
			};
			name = Debug;
		};
		9830AF57293D078300BD39CE /* Release */ = {
			isa = XCBuildConfiguration;
			buildSettings = {
				ALWAYS_EMBED_SWIFT_STANDARD_LIBRARIES = YES;
				CODE_SIGN_STYLE = Automatic;
				CURRENT_PROJECT_VERSION = 1;
				DEAD_CODE_STRIPPING = YES;
				DEVELOPMENT_TEAM = 27A5C3B7M4;
				GENERATE_INFOPLIST_FILE = YES;
				MACOSX_DEPLOYMENT_TARGET = 12.0;
				MARKETING_VERSION = 1.0;
				PRODUCT_BUNDLE_IDENTIFIER = dev.yossa.SuperFeedTests;
				PRODUCT_NAME = "$(TARGET_NAME)";
				SUPPORTED_PLATFORMS = "macosx iphonesimulator iphoneos";
				SWIFT_EMIT_LOC_STRINGS = NO;
				SWIFT_VERSION = 5.0;
			};
			name = Release;
		};
		9830AF80293D14DA00BD39CE /* Debug */ = {
			isa = XCBuildConfiguration;
			buildSettings = {
				CODE_SIGN_STYLE = Automatic;
				CURRENT_PROJECT_VERSION = 1;
				DEAD_CODE_STRIPPING = YES;
				DEVELOPMENT_TEAM = 27A5C3B7M4;
				GENERATE_INFOPLIST_FILE = YES;
				MARKETING_VERSION = 1.0;
				PRODUCT_BUNDLE_IDENTIFIER = dev.yossa.SuperFeedEndToEndTests;
				PRODUCT_NAME = "$(TARGET_NAME)";
				SUPPORTED_PLATFORMS = "macosx iphonesimulator iphoneos";
				SWIFT_EMIT_LOC_STRINGS = NO;
				SWIFT_VERSION = 5.0;
			};
			name = Debug;
		};
		9830AF81293D14DA00BD39CE /* Release */ = {
			isa = XCBuildConfiguration;
			buildSettings = {
				CODE_SIGN_STYLE = Automatic;
				CURRENT_PROJECT_VERSION = 1;
				DEAD_CODE_STRIPPING = YES;
				DEVELOPMENT_TEAM = 27A5C3B7M4;
				GENERATE_INFOPLIST_FILE = YES;
				MARKETING_VERSION = 1.0;
				PRODUCT_BUNDLE_IDENTIFIER = dev.yossa.SuperFeedEndToEndTests;
				PRODUCT_NAME = "$(TARGET_NAME)";
				SUPPORTED_PLATFORMS = "macosx iphonesimulator iphoneos";
				SWIFT_EMIT_LOC_STRINGS = NO;
				SWIFT_VERSION = 5.0;
			};
			name = Release;
		};
		98B156DA2A149667002E3020 /* Debug */ = {
			isa = XCBuildConfiguration;
			buildSettings = {
				CODE_SIGN_STYLE = Automatic;
				CURRENT_PROJECT_VERSION = 1;
				DEFINES_MODULE = YES;
				DEVELOPMENT_TEAM = D45XUJ5XY2;
				DYLIB_COMPATIBILITY_VERSION = 1;
				DYLIB_CURRENT_VERSION = 1;
				DYLIB_INSTALL_NAME_BASE = "@rpath";
				ENABLE_MODULE_VERIFIER = YES;
				GENERATE_INFOPLIST_FILE = YES;
				INFOPLIST_KEY_NSHumanReadableCopyright = "";
				INSTALL_PATH = "$(LOCAL_LIBRARY_DIR)/Frameworks";
				IPHONEOS_DEPLOYMENT_TARGET = 16.4;
				LD_RUNPATH_SEARCH_PATHS = (
					"$(inherited)",
					"@executable_path/Frameworks",
					"@loader_path/Frameworks",
				);
				MARKETING_VERSION = 1.0;
				MODULE_VERIFIER_SUPPORTED_LANGUAGES = "objective-c objective-c++";
				MODULE_VERIFIER_SUPPORTED_LANGUAGE_STANDARDS = "gnu11 gnu++20";
				PRODUCT_BUNDLE_IDENTIFIER = dev.yossa.SuperFeediOS;
				PRODUCT_NAME = "$(TARGET_NAME:c99extidentifier)";
				SDKROOT = iphoneos;
				SKIP_INSTALL = YES;
				SWIFT_EMIT_LOC_STRINGS = YES;
				SWIFT_VERSION = 5.0;
				TARGETED_DEVICE_FAMILY = "1,2";
			};
			name = Debug;
		};
		98B156DB2A149667002E3020 /* Release */ = {
			isa = XCBuildConfiguration;
			buildSettings = {
				CODE_SIGN_STYLE = Automatic;
				CURRENT_PROJECT_VERSION = 1;
				DEFINES_MODULE = YES;
				DEVELOPMENT_TEAM = D45XUJ5XY2;
				DYLIB_COMPATIBILITY_VERSION = 1;
				DYLIB_CURRENT_VERSION = 1;
				DYLIB_INSTALL_NAME_BASE = "@rpath";
				ENABLE_MODULE_VERIFIER = YES;
				GENERATE_INFOPLIST_FILE = YES;
				INFOPLIST_KEY_NSHumanReadableCopyright = "";
				INSTALL_PATH = "$(LOCAL_LIBRARY_DIR)/Frameworks";
				IPHONEOS_DEPLOYMENT_TARGET = 16.4;
				LD_RUNPATH_SEARCH_PATHS = (
					"$(inherited)",
					"@executable_path/Frameworks",
					"@loader_path/Frameworks",
				);
				MARKETING_VERSION = 1.0;
				MODULE_VERIFIER_SUPPORTED_LANGUAGES = "objective-c objective-c++";
				MODULE_VERIFIER_SUPPORTED_LANGUAGE_STANDARDS = "gnu11 gnu++20";
				PRODUCT_BUNDLE_IDENTIFIER = dev.yossa.SuperFeediOS;
				PRODUCT_NAME = "$(TARGET_NAME:c99extidentifier)";
				SDKROOT = iphoneos;
				SKIP_INSTALL = YES;
				SWIFT_EMIT_LOC_STRINGS = YES;
				SWIFT_VERSION = 5.0;
				TARGETED_DEVICE_FAMILY = "1,2";
				VALIDATE_PRODUCT = YES;
			};
			name = Release;
		};
		98B156DD2A149667002E3020 /* Debug */ = {
			isa = XCBuildConfiguration;
			buildSettings = {
				ALWAYS_EMBED_SWIFT_STANDARD_LIBRARIES = YES;
				CLANG_ENABLE_MODULES = YES;
				CODE_SIGN_STYLE = Automatic;
				CURRENT_PROJECT_VERSION = 1;
				DEVELOPMENT_TEAM = D45XUJ5XY2;
				GENERATE_INFOPLIST_FILE = YES;
				IPHONEOS_DEPLOYMENT_TARGET = 16.4;
				MARKETING_VERSION = 1.0;
				PRODUCT_BUNDLE_IDENTIFIER = dev.yossa.SuperFeediOSTests;
				PRODUCT_NAME = "$(TARGET_NAME)";
				SDKROOT = iphoneos;
				SWIFT_EMIT_LOC_STRINGS = NO;
				SWIFT_OPTIMIZATION_LEVEL = "-Onone";
				SWIFT_VERSION = 5.0;
				TARGETED_DEVICE_FAMILY = "1,2";
			};
			name = Debug;
		};
		98B156DE2A149667002E3020 /* Release */ = {
			isa = XCBuildConfiguration;
			buildSettings = {
				ALWAYS_EMBED_SWIFT_STANDARD_LIBRARIES = YES;
				CLANG_ENABLE_MODULES = YES;
				CODE_SIGN_STYLE = Automatic;
				CURRENT_PROJECT_VERSION = 1;
				DEVELOPMENT_TEAM = D45XUJ5XY2;
				GENERATE_INFOPLIST_FILE = YES;
				IPHONEOS_DEPLOYMENT_TARGET = 16.4;
				MARKETING_VERSION = 1.0;
				PRODUCT_BUNDLE_IDENTIFIER = dev.yossa.SuperFeediOSTests;
				PRODUCT_NAME = "$(TARGET_NAME)";
				SDKROOT = iphoneos;
				SWIFT_EMIT_LOC_STRINGS = NO;
				SWIFT_VERSION = 5.0;
				TARGETED_DEVICE_FAMILY = "1,2";
				VALIDATE_PRODUCT = YES;
			};
			name = Release;
		};
		98DE87C5298B91DB0078BBD8 /* Debug */ = {
			isa = XCBuildConfiguration;
			buildSettings = {
				CODE_SIGN_STYLE = Automatic;
				CURRENT_PROJECT_VERSION = 1;
				DEVELOPMENT_TEAM = D45XUJ5XY2;
				GENERATE_INFOPLIST_FILE = YES;
				MARKETING_VERSION = 1.0;
				PRODUCT_BUNDLE_IDENTIFIER = dev.yossa.SuperFeedCacheIntegrationTests;
				PRODUCT_NAME = "$(TARGET_NAME)";
				SUPPORTED_PLATFORMS = "macosx iphoneos iphonesimulator";
				SWIFT_EMIT_LOC_STRINGS = NO;
				SWIFT_VERSION = 5.0;
			};
			name = Debug;
		};
		98DE87C6298B91DB0078BBD8 /* Release */ = {
			isa = XCBuildConfiguration;
			buildSettings = {
				CODE_SIGN_STYLE = Automatic;
				CURRENT_PROJECT_VERSION = 1;
				DEVELOPMENT_TEAM = D45XUJ5XY2;
				GENERATE_INFOPLIST_FILE = YES;
				MARKETING_VERSION = 1.0;
				PRODUCT_BUNDLE_IDENTIFIER = dev.yossa.SuperFeedCacheIntegrationTests;
				PRODUCT_NAME = "$(TARGET_NAME)";
				SUPPORTED_PLATFORMS = "macosx iphoneos iphonesimulator";
				SWIFT_EMIT_LOC_STRINGS = NO;
				SWIFT_VERSION = 5.0;
			};
			name = Release;
		};
/* End XCBuildConfiguration section */

/* Begin XCConfigurationList section */
		9830AF38293D078300BD39CE /* Build configuration list for PBXProject "SuperFeed" */ = {
			isa = XCConfigurationList;
			buildConfigurations = (
				9830AF50293D078300BD39CE /* Debug */,
				9830AF51293D078300BD39CE /* Release */,
			);
			defaultConfigurationIsVisible = 0;
			defaultConfigurationName = Release;
		};
		9830AF52293D078300BD39CE /* Build configuration list for PBXNativeTarget "SuperFeed" */ = {
			isa = XCConfigurationList;
			buildConfigurations = (
				9830AF53293D078300BD39CE /* Debug */,
				9830AF54293D078300BD39CE /* Release */,
			);
			defaultConfigurationIsVisible = 0;
			defaultConfigurationName = Release;
		};
		9830AF55293D078300BD39CE /* Build configuration list for PBXNativeTarget "SuperFeedTests" */ = {
			isa = XCConfigurationList;
			buildConfigurations = (
				9830AF56293D078300BD39CE /* Debug */,
				9830AF57293D078300BD39CE /* Release */,
			);
			defaultConfigurationIsVisible = 0;
			defaultConfigurationName = Release;
		};
		9830AF7F293D14DA00BD39CE /* Build configuration list for PBXNativeTarget "SuperFeedEndToEndTests" */ = {
			isa = XCConfigurationList;
			buildConfigurations = (
				9830AF80293D14DA00BD39CE /* Debug */,
				9830AF81293D14DA00BD39CE /* Release */,
			);
			defaultConfigurationIsVisible = 0;
			defaultConfigurationName = Release;
		};
		98B156D92A149667002E3020 /* Build configuration list for PBXNativeTarget "SuperFeediOS" */ = {
			isa = XCConfigurationList;
			buildConfigurations = (
				98B156DA2A149667002E3020 /* Debug */,
				98B156DB2A149667002E3020 /* Release */,
			);
			defaultConfigurationIsVisible = 0;
			defaultConfigurationName = Release;
		};
		98B156DC2A149667002E3020 /* Build configuration list for PBXNativeTarget "SuperFeediOSTests" */ = {
			isa = XCConfigurationList;
			buildConfigurations = (
				98B156DD2A149667002E3020 /* Debug */,
				98B156DE2A149667002E3020 /* Release */,
			);
			defaultConfigurationIsVisible = 0;
			defaultConfigurationName = Release;
		};
		98DE87C4298B91DB0078BBD8 /* Build configuration list for PBXNativeTarget "SuperFeedCacheIntegrationTests" */ = {
			isa = XCConfigurationList;
			buildConfigurations = (
				98DE87C5298B91DB0078BBD8 /* Debug */,
				98DE87C6298B91DB0078BBD8 /* Release */,
			);
			defaultConfigurationIsVisible = 0;
			defaultConfigurationName = Release;
		};
/* End XCConfigurationList section */

/* Begin XCVersionGroup section */
		98DE873E298A53B80078BBD8 /* FeedStore.xcdatamodeld */ = {
			isa = XCVersionGroup;
			children = (
				98DE873F298A53B80078BBD8 /* FeedStore.xcdatamodel */,
			);
			currentVersion = 98DE873F298A53B80078BBD8 /* FeedStore.xcdatamodel */;
			path = FeedStore.xcdatamodeld;
			sourceTree = "<group>";
			versionGroupType = wrapper.xcdatamodel;
		};
/* End XCVersionGroup section */
	};
	rootObject = 9830AF35293D078300BD39CE /* Project object */;
}
